// !$*UTF8*$!
{
	archiveVersion = 1;
	classes = {
	};
	objectVersion = 46;
	objects = {

/* Begin PBXBuildFile section */
		2643AAFB1D8C7B8D0049006F /* AppDelegate.swift in Sources */ = {isa = PBXBuildFile; fileRef = 2643AAFA1D8C7B8D0049006F /* AppDelegate.swift */; };
		2643AAFD1D8C7B8D0049006F /* ViewController.swift in Sources */ = {isa = PBXBuildFile; fileRef = 2643AAFC1D8C7B8D0049006F /* ViewController.swift */; };
		2643AB001D8C7B8D0049006F /* Main.storyboard in Resources */ = {isa = PBXBuildFile; fileRef = 2643AAFE1D8C7B8D0049006F /* Main.storyboard */; };
		2643AB021D8C7B8D0049006F /* Assets.xcassets in Resources */ = {isa = PBXBuildFile; fileRef = 2643AB011D8C7B8D0049006F /* Assets.xcassets */; };
		2643AB051D8C7B8D0049006F /* LaunchScreen.storyboard in Resources */ = {isa = PBXBuildFile; fileRef = 2643AB031D8C7B8D0049006F /* LaunchScreen.storyboard */; };
		2643AB111D8C7BBB0049006F /* RxExtensions.framework in Frameworks */ = {isa = PBXBuildFile; fileRef = 2643AB0C1D8C7BBB0049006F /* RxExtensions.framework */; };
		2643AB121D8C7BBB0049006F /* RxExtensions.framework in Embed Frameworks */ = {isa = PBXBuildFile; fileRef = 2643AB0C1D8C7BBB0049006F /* RxExtensions.framework */; settings = {ATTRIBUTES = (CodeSignOnCopy, RemoveHeadersOnCopy, ); }; };
		2643AB131D8C7BBB0049006F /* RxDataSources.framework in Frameworks */ = {isa = PBXBuildFile; fileRef = 2643AB0D1D8C7BBB0049006F /* RxDataSources.framework */; };
		2643AB141D8C7BBB0049006F /* RxDataSources.framework in Embed Frameworks */ = {isa = PBXBuildFile; fileRef = 2643AB0D1D8C7BBB0049006F /* RxDataSources.framework */; settings = {ATTRIBUTES = (CodeSignOnCopy, RemoveHeadersOnCopy, ); }; };
		2643AB151D8C7BBB0049006F /* RxSwift.framework in Frameworks */ = {isa = PBXBuildFile; fileRef = 2643AB0E1D8C7BBB0049006F /* RxSwift.framework */; };
		2643AB161D8C7BBB0049006F /* RxSwift.framework in Embed Frameworks */ = {isa = PBXBuildFile; fileRef = 2643AB0E1D8C7BBB0049006F /* RxSwift.framework */; settings = {ATTRIBUTES = (CodeSignOnCopy, RemoveHeadersOnCopy, ); }; };
		2643AB171D8C7BBB0049006F /* RxCocoa.framework in Frameworks */ = {isa = PBXBuildFile; fileRef = 2643AB0F1D8C7BBB0049006F /* RxCocoa.framework */; };
		2643AB181D8C7BBB0049006F /* RxCocoa.framework in Embed Frameworks */ = {isa = PBXBuildFile; fileRef = 2643AB0F1D8C7BBB0049006F /* RxCocoa.framework */; settings = {ATTRIBUTES = (CodeSignOnCopy, RemoveHeadersOnCopy, ); }; };
		2643AB191D8C7BBB0049006F /* Rswift.framework in Frameworks */ = {isa = PBXBuildFile; fileRef = 2643AB101D8C7BBB0049006F /* Rswift.framework */; };
		2643AB1A1D8C7BBB0049006F /* Rswift.framework in Embed Frameworks */ = {isa = PBXBuildFile; fileRef = 2643AB101D8C7BBB0049006F /* Rswift.framework */; settings = {ATTRIBUTES = (CodeSignOnCopy, RemoveHeadersOnCopy, ); }; };
		2643AB1E1D8C7BDF0049006F /* ExpandableItem.swift in Sources */ = {isa = PBXBuildFile; fileRef = 2643AB1D1D8C7BDF0049006F /* ExpandableItem.swift */; };
		2643AB341D8CE28D0049006F /* R.generated.swift in Sources */ = {isa = PBXBuildFile; fileRef = 2643AB331D8CE28D0049006F /* R.generated.swift */; };
		2643AB361D8CE2AF0049006F /* ExpandedTableViewCell.swift in Sources */ = {isa = PBXBuildFile; fileRef = 2643AB351D8CE2AF0049006F /* ExpandedTableViewCell.swift */; };
		26A311E21D9B51240033F710 /* ContentItemModel.swift in Sources */ = {isa = PBXBuildFile; fileRef = 26A311E11D9B51240033F710 /* ContentItemModel.swift */; };
		26C2C3AA1D9542950008D16D /* contents.json in Resources */ = {isa = PBXBuildFile; fileRef = 26C2C3A91D9542950008D16D /* contents.json */; };
		26C2C3AC1D9542CA0008D16D /* SwiftyJSON.framework in Frameworks */ = {isa = PBXBuildFile; fileRef = 26C2C3AB1D9542CA0008D16D /* SwiftyJSON.framework */; };
		26C2C3AD1D9542CA0008D16D /* SwiftyJSON.framework in Embed Frameworks */ = {isa = PBXBuildFile; fileRef = 26C2C3AB1D9542CA0008D16D /* SwiftyJSON.framework */; settings = {ATTRIBUTES = (CodeSignOnCopy, RemoveHeadersOnCopy, ); }; };
/* End PBXBuildFile section */

/* Begin PBXCopyFilesBuildPhase section */
		2643AB1B1D8C7BBB0049006F /* Embed Frameworks */ = {
			isa = PBXCopyFilesBuildPhase;
			buildActionMask = 2147483647;
			dstPath = "";
			dstSubfolderSpec = 10;
			files = (
				2643AB181D8C7BBB0049006F /* RxCocoa.framework in Embed Frameworks */,
				2643AB121D8C7BBB0049006F /* RxExtensions.framework in Embed Frameworks */,
				26C2C3AD1D9542CA0008D16D /* SwiftyJSON.framework in Embed Frameworks */,
				2643AB141D8C7BBB0049006F /* RxDataSources.framework in Embed Frameworks */,
				2643AB1A1D8C7BBB0049006F /* Rswift.framework in Embed Frameworks */,
				2643AB161D8C7BBB0049006F /* RxSwift.framework in Embed Frameworks */,
			);
			name = "Embed Frameworks";
			runOnlyForDeploymentPostprocessing = 0;
		};
/* End PBXCopyFilesBuildPhase section */

/* Begin PBXFileReference section */
		2643AAFA1D8C7B8D0049006F /* AppDelegate.swift */ = {isa = PBXFileReference; lastKnownFileType = sourcecode.swift; path = AppDelegate.swift; sourceTree = "<group>"; };
		2643AAFC1D8C7B8D0049006F /* ViewController.swift */ = {isa = PBXFileReference; lastKnownFileType = sourcecode.swift; path = ViewController.swift; sourceTree = "<group>"; };
		2643AAFF1D8C7B8D0049006F /* Base */ = {isa = PBXFileReference; lastKnownFileType = file.storyboard; name = Base; path = Base.lproj/Main.storyboard; sourceTree = "<group>"; };
		2643AB011D8C7B8D0049006F /* Assets.xcassets */ = {isa = PBXFileReference; lastKnownFileType = folder.assetcatalog; path = Assets.xcassets; sourceTree = "<group>"; };
		2643AB041D8C7B8D0049006F /* Base */ = {isa = PBXFileReference; lastKnownFileType = file.storyboard; name = Base; path = Base.lproj/LaunchScreen.storyboard; sourceTree = "<group>"; };
		2643AB061D8C7B8D0049006F /* Info.plist */ = {isa = PBXFileReference; lastKnownFileType = text.plist.xml; path = Info.plist; sourceTree = "<group>"; };
		2643AB0C1D8C7BBB0049006F /* RxExtensions.framework */ = {isa = PBXFileReference; lastKnownFileType = wrapper.framework; name = RxExtensions.framework; path = Carthage/Build/iOS/RxExtensions.framework; sourceTree = "<group>"; };
		2643AB0D1D8C7BBB0049006F /* RxDataSources.framework */ = {isa = PBXFileReference; lastKnownFileType = wrapper.framework; name = RxDataSources.framework; path = Carthage/Build/iOS/RxDataSources.framework; sourceTree = "<group>"; };
		2643AB0E1D8C7BBB0049006F /* RxSwift.framework */ = {isa = PBXFileReference; lastKnownFileType = wrapper.framework; name = RxSwift.framework; path = Carthage/Build/iOS/RxSwift.framework; sourceTree = "<group>"; };
		2643AB0F1D8C7BBB0049006F /* RxCocoa.framework */ = {isa = PBXFileReference; lastKnownFileType = wrapper.framework; name = RxCocoa.framework; path = Carthage/Build/iOS/RxCocoa.framework; sourceTree = "<group>"; };
		2643AB101D8C7BBB0049006F /* Rswift.framework */ = {isa = PBXFileReference; lastKnownFileType = wrapper.framework; name = Rswift.framework; path = Carthage/Build/iOS/Rswift.framework; sourceTree = "<group>"; };
		2643AB1D1D8C7BDF0049006F /* ExpandableItem.swift */ = {isa = PBXFileReference; fileEncoding = 4; lastKnownFileType = sourcecode.swift; path = ExpandableItem.swift; sourceTree = "<group>"; };
		2643AB331D8CE28D0049006F /* R.generated.swift */ = {isa = PBXFileReference; fileEncoding = 4; lastKnownFileType = sourcecode.swift; path = R.generated.swift; sourceTree = "<group>"; };
		2643AB351D8CE2AF0049006F /* ExpandedTableViewCell.swift */ = {isa = PBXFileReference; fileEncoding = 4; lastKnownFileType = sourcecode.swift; path = ExpandedTableViewCell.swift; sourceTree = "<group>"; };
		26A311DC1D9ADC530033F710 /* PDF-Expert-Contents.app */ = {isa = PBXFileReference; explicitFileType = wrapper.application; includeInIndex = 0; path = "PDF-Expert-Contents.app"; sourceTree = BUILT_PRODUCTS_DIR; };
		26A311E11D9B51240033F710 /* ContentItemModel.swift */ = {isa = PBXFileReference; fileEncoding = 4; lastKnownFileType = sourcecode.swift; path = ContentItemModel.swift; sourceTree = "<group>"; };
		26C2C3A91D9542950008D16D /* contents.json */ = {isa = PBXFileReference; fileEncoding = 4; lastKnownFileType = text.json; path = contents.json; sourceTree = "<group>"; };
		26C2C3AB1D9542CA0008D16D /* SwiftyJSON.framework */ = {isa = PBXFileReference; lastKnownFileType = wrapper.framework; name = SwiftyJSON.framework; path = Carthage/Build/iOS/SwiftyJSON.framework; sourceTree = "<group>"; };
/* End PBXFileReference section */

/* Begin PBXFrameworksBuildPhase section */
		2643AAF41D8C7B8D0049006F /* Frameworks */ = {
			isa = PBXFrameworksBuildPhase;
			buildActionMask = 2147483647;
			files = (
				2643AB171D8C7BBB0049006F /* RxCocoa.framework in Frameworks */,
				2643AB111D8C7BBB0049006F /* RxExtensions.framework in Frameworks */,
				26C2C3AC1D9542CA0008D16D /* SwiftyJSON.framework in Frameworks */,
				2643AB131D8C7BBB0049006F /* RxDataSources.framework in Frameworks */,
				2643AB191D8C7BBB0049006F /* Rswift.framework in Frameworks */,
				2643AB151D8C7BBB0049006F /* RxSwift.framework in Frameworks */,
			);
			runOnlyForDeploymentPostprocessing = 0;
		};
/* End PBXFrameworksBuildPhase section */

/* Begin PBXGroup section */
		2643AAEE1D8C7B8D0049006F = {
			isa = PBXGroup;
			children = (
				2643AB1C1D8C7BC00049006F /* Frameworks */,
				2643AAF91D8C7B8D0049006F /* PDF-Expert-Contents */,
				26A311DC1D9ADC530033F710 /* PDF-Expert-Contents.app */,
			);
			sourceTree = "<group>";
		};
		2643AAF91D8C7B8D0049006F /* PDF-Expert-Contents */ = {
			isa = PBXGroup;
			children = (
				26C2C3A91D9542950008D16D /* contents.json */,
				2643AB331D8CE28D0049006F /* R.generated.swift */,
				2643AAFA1D8C7B8D0049006F /* AppDelegate.swift */,
				2643AAFC1D8C7B8D0049006F /* ViewController.swift */,
				2643AAFE1D8C7B8D0049006F /* Main.storyboard */,
				2643AB011D8C7B8D0049006F /* Assets.xcassets */,
				2643AB031D8C7B8D0049006F /* LaunchScreen.storyboard */,
				2643AB061D8C7B8D0049006F /* Info.plist */,
				26A311E11D9B51240033F710 /* ContentItemModel.swift */,
				2643AB1D1D8C7BDF0049006F /* ExpandableItem.swift */,
				2643AB351D8CE2AF0049006F /* ExpandedTableViewCell.swift */,
			);
			path = "PDF-Expert-Contents";
			sourceTree = "<group>";
		};
		2643AB1C1D8C7BC00049006F /* Frameworks */ = {
			isa = PBXGroup;
			children = (
				26C2C3AB1D9542CA0008D16D /* SwiftyJSON.framework */,
				2643AB0C1D8C7BBB0049006F /* RxExtensions.framework */,
				2643AB0D1D8C7BBB0049006F /* RxDataSources.framework */,
				2643AB0E1D8C7BBB0049006F /* RxSwift.framework */,
				2643AB0F1D8C7BBB0049006F /* RxCocoa.framework */,
				2643AB101D8C7BBB0049006F /* Rswift.framework */,
			);
			name = Frameworks;
			sourceTree = "<group>";
		};
/* End PBXGroup section */

/* Begin PBXNativeTarget section */
		2643AAF61D8C7B8D0049006F /* PDF-Expert-Contents */ = {
			isa = PBXNativeTarget;
			buildConfigurationList = 2643AB091D8C7B8D0049006F /* Build configuration list for PBXNativeTarget "PDF-Expert-Contents" */;
			buildPhases = (
				2643AAF31D8C7B8D0049006F /* Sources */,
				2643AAF41D8C7B8D0049006F /* Frameworks */,
				2643AAF51D8C7B8D0049006F /* Resources */,
				2643AB1B1D8C7BBB0049006F /* Embed Frameworks */,
			);
			buildRules = (
			);
			dependencies = (
			);
			name = "PDF-Expert-Contents";
			productName = "PDF-Expert-Contents";
			productReference = 26A311DC1D9ADC530033F710 /* PDF-Expert-Contents.app */;
			productType = "com.apple.product-type.application";
		};
/* End PBXNativeTarget section */

/* Begin PBXProject section */
		2643AAEF1D8C7B8D0049006F /* Project object */ = {
			isa = PBXProject;
			attributes = {
				LastSwiftUpdateCheck = 0800;
				LastUpgradeCheck = 0810;
				ORGANIZATIONNAME = DianQK;
				TargetAttributes = {
					2643AAF61D8C7B8D0049006F = {
						CreatedOnToolsVersion = 8.0;
						DevelopmentTeam = 9Y9KG3KBHJ;
						ProvisioningStyle = Automatic;
					};
				};
			};
			buildConfigurationList = 2643AAF21D8C7B8D0049006F /* Build configuration list for PBXProject "PDF-Expert-Contents" */;
			compatibilityVersion = "Xcode 3.2";
			developmentRegion = English;
			hasScannedForEncodings = 0;
			knownRegions = (
				en,
				Base,
			);
			mainGroup = 2643AAEE1D8C7B8D0049006F;
			productRefGroup = 2643AAEE1D8C7B8D0049006F;
			projectDirPath = "";
			projectRoot = "";
			targets = (
				2643AAF61D8C7B8D0049006F /* PDF-Expert-Contents */,
			);
		};
/* End PBXProject section */

/* Begin PBXResourcesBuildPhase section */
		2643AAF51D8C7B8D0049006F /* Resources */ = {
			isa = PBXResourcesBuildPhase;
			buildActionMask = 2147483647;
			files = (
				2643AB051D8C7B8D0049006F /* LaunchScreen.storyboard in Resources */,
				2643AB021D8C7B8D0049006F /* Assets.xcassets in Resources */,
				2643AB001D8C7B8D0049006F /* Main.storyboard in Resources */,
				26C2C3AA1D9542950008D16D /* contents.json in Resources */,
			);
			runOnlyForDeploymentPostprocessing = 0;
		};
/* End PBXResourcesBuildPhase section */

/* Begin PBXSourcesBuildPhase section */
		2643AAF31D8C7B8D0049006F /* Sources */ = {
			isa = PBXSourcesBuildPhase;
			buildActionMask = 2147483647;
			files = (
				2643AB1E1D8C7BDF0049006F /* ExpandableItem.swift in Sources */,
				2643AAFD1D8C7B8D0049006F /* ViewController.swift in Sources */,
				26A311E21D9B51240033F710 /* ContentItemModel.swift in Sources */,
				2643AAFB1D8C7B8D0049006F /* AppDelegate.swift in Sources */,
				2643AB341D8CE28D0049006F /* R.generated.swift in Sources */,
				2643AB361D8CE2AF0049006F /* ExpandedTableViewCell.swift in Sources */,
			);
			runOnlyForDeploymentPostprocessing = 0;
		};
/* End PBXSourcesBuildPhase section */

/* Begin PBXVariantGroup section */
		2643AAFE1D8C7B8D0049006F /* Main.storyboard */ = {
			isa = PBXVariantGroup;
			children = (
				2643AAFF1D8C7B8D0049006F /* Base */,
			);
			name = Main.storyboard;
			sourceTree = "<group>";
		};
		2643AB031D8C7B8D0049006F /* LaunchScreen.storyboard */ = {
			isa = PBXVariantGroup;
			children = (
				2643AB041D8C7B8D0049006F /* Base */,
			);
			name = LaunchScreen.storyboard;
			sourceTree = "<group>";
		};
/* End PBXVariantGroup section */

/* Begin XCBuildConfiguration section */
		2643AB071D8C7B8D0049006F /* Debug */ = {
			isa = XCBuildConfiguration;
			buildSettings = {
				ALWAYS_SEARCH_USER_PATHS = NO;
				CLANG_ANALYZER_NONNULL = YES;
				CLANG_CXX_LANGUAGE_STANDARD = "gnu++0x";
				CLANG_CXX_LIBRARY = "libc++";
				CLANG_ENABLE_MODULES = YES;
				CLANG_ENABLE_OBJC_ARC = YES;
				CLANG_WARN_BOOL_CONVERSION = YES;
				CLANG_WARN_CONSTANT_CONVERSION = YES;
				CLANG_WARN_DIRECT_OBJC_ISA_USAGE = YES_ERROR;
				CLANG_WARN_DOCUMENTATION_COMMENTS = YES;
				CLANG_WARN_EMPTY_BODY = YES;
				CLANG_WARN_ENUM_CONVERSION = YES;
				CLANG_WARN_INFINITE_RECURSION = YES;
				CLANG_WARN_INT_CONVERSION = YES;
				CLANG_WARN_OBJC_ROOT_CLASS = YES_ERROR;
				CLANG_WARN_SUSPICIOUS_MOVE = YES;
				CLANG_WARN_SUSPICIOUS_MOVES = YES;
				CLANG_WARN_UNREACHABLE_CODE = YES;
				CLANG_WARN__DUPLICATE_METHOD_MATCH = YES;
				"CODE_SIGN_IDENTITY[sdk=iphoneos*]" = "iPhone Developer";
				COPY_PHASE_STRIP = NO;
				DEBUG_INFORMATION_FORMAT = dwarf;
				ENABLE_STRICT_OBJC_MSGSEND = YES;
				ENABLE_TESTABILITY = YES;
				GCC_C_LANGUAGE_STANDARD = gnu99;
				GCC_DYNAMIC_NO_PIC = NO;
				GCC_NO_COMMON_BLOCKS = YES;
				GCC_OPTIMIZATION_LEVEL = 0;
				GCC_PREPROCESSOR_DEFINITIONS = (
					"DEBUG=1",
					"$(inherited)",
				);
				GCC_WARN_64_TO_32_BIT_CONVERSION = YES;
				GCC_WARN_ABOUT_RETURN_TYPE = YES_ERROR;
				GCC_WARN_UNDECLARED_SELECTOR = YES;
				GCC_WARN_UNINITIALIZED_AUTOS = YES_AGGRESSIVE;
				GCC_WARN_UNUSED_FUNCTION = YES;
				GCC_WARN_UNUSED_VARIABLE = YES;
				IPHONEOS_DEPLOYMENT_TARGET = 10.0;
				MTL_ENABLE_DEBUG_INFO = YES;
				ONLY_ACTIVE_ARCH = YES;
				SDKROOT = iphoneos;
				SWIFT_ACTIVE_COMPILATION_CONDITIONS = DEBUG;
				SWIFT_OPTIMIZATION_LEVEL = "-Onone";
				TARGETED_DEVICE_FAMILY = "1,2";
			};
			name = Debug;
		};
		2643AB081D8C7B8D0049006F /* Release */ = {
			isa = XCBuildConfiguration;
			buildSettings = {
				ALWAYS_SEARCH_USER_PATHS = NO;
				CLANG_ANALYZER_NONNULL = YES;
				CLANG_CXX_LANGUAGE_STANDARD = "gnu++0x";
				CLANG_CXX_LIBRARY = "libc++";
				CLANG_ENABLE_MODULES = YES;
				CLANG_ENABLE_OBJC_ARC = YES;
				CLANG_WARN_BOOL_CONVERSION = YES;
				CLANG_WARN_CONSTANT_CONVERSION = YES;
				CLANG_WARN_DIRECT_OBJC_ISA_USAGE = YES_ERROR;
				CLANG_WARN_DOCUMENTATION_COMMENTS = YES;
				CLANG_WARN_EMPTY_BODY = YES;
				CLANG_WARN_ENUM_CONVERSION = YES;
				CLANG_WARN_INFINITE_RECURSION = YES;
				CLANG_WARN_INT_CONVERSION = YES;
				CLANG_WARN_OBJC_ROOT_CLASS = YES_ERROR;
				CLANG_WARN_SUSPICIOUS_MOVE = YES;
				CLANG_WARN_SUSPICIOUS_MOVES = YES;
				CLANG_WARN_UNREACHABLE_CODE = YES;
				CLANG_WARN__DUPLICATE_METHOD_MATCH = YES;
				"CODE_SIGN_IDENTITY[sdk=iphoneos*]" = "iPhone Developer";
				COPY_PHASE_STRIP = NO;
				DEBUG_INFORMATION_FORMAT = "dwarf-with-dsym";
				ENABLE_NS_ASSERTIONS = NO;
				ENABLE_STRICT_OBJC_MSGSEND = YES;
				GCC_C_LANGUAGE_STANDARD = gnu99;
				GCC_NO_COMMON_BLOCKS = YES;
				GCC_WARN_64_TO_32_BIT_CONVERSION = YES;
				GCC_WARN_ABOUT_RETURN_TYPE = YES_ERROR;
				GCC_WARN_UNDECLARED_SELECTOR = YES;
				GCC_WARN_UNINITIALIZED_AUTOS = YES_AGGRESSIVE;
				GCC_WARN_UNUSED_FUNCTION = YES;
				GCC_WARN_UNUSED_VARIABLE = YES;
				IPHONEOS_DEPLOYMENT_TARGET = 10.0;
				MTL_ENABLE_DEBUG_INFO = NO;
				SDKROOT = iphoneos;
				SWIFT_OPTIMIZATION_LEVEL = "-Owholemodule";
				TARGETED_DEVICE_FAMILY = "1,2";
				VALIDATE_PRODUCT = YES;
			};
			name = Release;
		};
		2643AB0A1D8C7B8D0049006F /* Debug */ = {
			isa = XCBuildConfiguration;
			buildSettings = {
				ASSETCATALOG_COMPILER_APPICON_NAME = AppIcon;
				"CODE_SIGN_IDENTITY[sdk=iphoneos*]" = "iPhone Developer";
				DEVELOPMENT_TEAM = 9Y9KG3KBHJ;
				FRAMEWORK_SEARCH_PATHS = (
					"$(inherited)",
					"$(PROJECT_DIR)/Carthage/Build/iOS",
				);
				INFOPLIST_FILE = "PDF-Expert-Contents/Info.plist";
				LD_RUNPATH_SEARCH_PATHS = "$(inherited) @executable_path/Frameworks";
				PRODUCT_BUNDLE_IDENTIFIER = "gg.swift.t.PDF-Expert-Contents";
				PRODUCT_NAME = "$(TARGET_NAME)";
				PROVISIONING_PROFILE = "";
				PROVISIONING_PROFILE_SPECIFIER = "";
				SWIFT_VERSION = 3.0;
			};
			name = Debug;
		};
		2643AB0B1D8C7B8D0049006F /* Release */ = {
			isa = XCBuildConfiguration;
			buildSettings = {
				ASSETCATALOG_COMPILER_APPICON_NAME = AppIcon;
				"CODE_SIGN_IDENTITY[sdk=iphoneos*]" = "iPhone Developer";
				DEVELOPMENT_TEAM = 9Y9KG3KBHJ;
				FRAMEWORK_SEARCH_PATHS = (
					"$(inherited)",
					"$(PROJECT_DIR)/Carthage/Build/iOS",
				);
				INFOPLIST_FILE = "PDF-Expert-Contents/Info.plist";
				LD_RUNPATH_SEARCH_PATHS = "$(inherited) @executable_path/Frameworks";
				PRODUCT_BUNDLE_IDENTIFIER = "gg.swift.t.PDF-Expert-Contents";
				PRODUCT_NAME = "$(TARGET_NAME)";
				PROVISIONING_PROFILE = "";
				PROVISIONING_PROFILE_SPECIFIER = "";
				SWIFT_VERSION = 3.0;
			};
			name = Release;
		};
/* End XCBuildConfiguration section */

/* Begin XCConfigurationList section */
		2643AAF21D8C7B8D0049006F /* Build configuration list for PBXProject "PDF-Expert-Contents" */ = {
			isa = XCConfigurationList;
			buildConfigurations = (
				2643AB071D8C7B8D0049006F /* Debug */,
				2643AB081D8C7B8D0049006F /* Release */,
			);
			defaultConfigurationIsVisible = 0;
			defaultConfigurationName = Release;
		};
		2643AB091D8C7B8D0049006F /* Build configuration list for PBXNativeTarget "PDF-Expert-Contents" */ = {
			isa = XCConfigurationList;
			buildConfigurations = (
				2643AB0A1D8C7B8D0049006F /* Debug */,
				2643AB0B1D8C7B8D0049006F /* Release */,
			);
			defaultConfigurationIsVisible = 0;
			defaultConfigurationName = Release;
		};
/* End XCConfigurationList section */
	};
	rootObject = 2643AAEF1D8C7B8D0049006F /* Project object */;
}
