// !$*UTF8*$!
{
	archiveVersion = 1;
	classes = {
	};
	objectVersion = 46;
	objects = {

/* Begin PBXBuildFile section */
		2643EF681DA49B9400CC0839 /* R.generated.swift in Sources */ = {isa = PBXBuildFile; fileRef = 2643EF671DA49B9400CC0839 /* R.generated.swift */; };
		2643EF6E1DA52BD300CC0839 /* RefreshTableViewController.swift in Sources */ = {isa = PBXBuildFile; fileRef = 2643EF6D1DA52BD300CC0839 /* RefreshTableViewController.swift */; };
		2643EF7A1DA6310400CC0839 /* ChangeSwitchTableViewController.swift in Sources */ = {isa = PBXBuildFile; fileRef = 2643EF791DA6310400CC0839 /* ChangeSwitchTableViewController.swift */; };
		2643EF811DA6734300CC0839 /* TodoTableViewController.swift in Sources */ = {isa = PBXBuildFile; fileRef = 2643EF801DA6734300CC0839 /* TodoTableViewController.swift */; };
		265953921DA26E5C009289A8 /* CellIdentifierViewController.swift in Sources */ = {isa = PBXBuildFile; fileRef = 265953911DA26E5C009289A8 /* CellIdentifierViewController.swift */; };
		266738961DA26CED00AF351A /* AppDelegate.swift in Sources */ = {isa = PBXBuildFile; fileRef = 266738951DA26CED00AF351A /* AppDelegate.swift */; };
		2667389B1DA26CED00AF351A /* Main.storyboard in Resources */ = {isa = PBXBuildFile; fileRef = 266738991DA26CED00AF351A /* Main.storyboard */; };
		2667389D1DA26CED00AF351A /* Assets.xcassets in Resources */ = {isa = PBXBuildFile; fileRef = 2667389C1DA26CED00AF351A /* Assets.xcassets */; };
		266738A01DA26CED00AF351A /* LaunchScreen.storyboard in Resources */ = {isa = PBXBuildFile; fileRef = 2667389E1DA26CED00AF351A /* LaunchScreen.storyboard */; };
		26821CF81DA28027002D2406 /* CellIdentifierTableViewController.swift in Sources */ = {isa = PBXBuildFile; fileRef = 26821CF71DA28027002D2406 /* CellIdentifierTableViewController.swift */; };
		269A03F01DCB371B00E75D93 /* AutomaticCollectionViewFlowLayout.swift in Sources */ = {isa = PBXBuildFile; fileRef = 269A03EE1DCB371B00E75D93 /* AutomaticCollectionViewFlowLayout.swift */; };
		269A03F11DCB371B00E75D93 /* CollectionViewController.swift in Sources */ = {isa = PBXBuildFile; fileRef = 269A03EF1DCB371B00E75D93 /* CollectionViewController.swift */; };
		269A03F31DCB372700E75D93 /* HUD.swift in Sources */ = {isa = PBXBuildFile; fileRef = 269A03F21DCB372700E75D93 /* HUD.swift */; };
		269A03F51DCB373D00E75D93 /* IconCell.swift in Sources */ = {isa = PBXBuildFile; fileRef = 269A03F41DCB373D00E75D93 /* IconCell.swift */; };
		269A03F71DCB396C00E75D93 /* Collection.storyboard in Resources */ = {isa = PBXBuildFile; fileRef = 269A03F61DCB396C00E75D93 /* Collection.storyboard */; };
		26A882A91DB8B4A20068A1DB /* Alamofire.framework in Frameworks */ = {isa = PBXBuildFile; fileRef = 26A882A11DB8B4A20068A1DB /* Alamofire.framework */; };
		26A882AA1DB8B4A20068A1DB /* MBProgressHUD.framework in Frameworks */ = {isa = PBXBuildFile; fileRef = 26A882A21DB8B4A20068A1DB /* MBProgressHUD.framework */; };
		26A882AB1DB8B4A20068A1DB /* Rswift.framework in Frameworks */ = {isa = PBXBuildFile; fileRef = 26A882A31DB8B4A20068A1DB /* Rswift.framework */; };
		26A882AC1DB8B4A20068A1DB /* RxCocoa.framework in Frameworks */ = {isa = PBXBuildFile; fileRef = 26A882A41DB8B4A20068A1DB /* RxCocoa.framework */; };
		26A882AD1DB8B4A20068A1DB /* RxDataSources.framework in Frameworks */ = {isa = PBXBuildFile; fileRef = 26A882A51DB8B4A20068A1DB /* RxDataSources.framework */; };
		26A882AE1DB8B4A20068A1DB /* RxExtensions.framework in Frameworks */ = {isa = PBXBuildFile; fileRef = 26A882A61DB8B4A20068A1DB /* RxExtensions.framework */; };
		26A882AF1DB8B4A20068A1DB /* RxSwift.framework in Frameworks */ = {isa = PBXBuildFile; fileRef = 26A882A71DB8B4A20068A1DB /* RxSwift.framework */; };
		26A882B01DB8B4A20068A1DB /* SwiftyJSON.framework in Frameworks */ = {isa = PBXBuildFile; fileRef = 26A882A81DB8B4A20068A1DB /* SwiftyJSON.framework */; };
		26AAD5761DA3DF29001F0482 /* TapCellTableViewController.swift in Sources */ = {isa = PBXBuildFile; fileRef = 26AAD5751DA3DF29001F0482 /* TapCellTableViewController.swift */; };
		26AAD57A1DA3FD29001F0482 /* CellButtonClickTableViewController.swift in Sources */ = {isa = PBXBuildFile; fileRef = 26AAD5791DA3FD29001F0482 /* CellButtonClickTableViewController.swift */; };
		26AAD57C1DA41A4B001F0482 /* MultipleCellTableViewController.swift in Sources */ = {isa = PBXBuildFile; fileRef = 26AAD57B1DA41A4B001F0482 /* MultipleCellTableViewController.swift */; };
		26C4E3921DBDAF2E00D2F0D8 /* Expandable.storyboard in Resources */ = {isa = PBXBuildFile; fileRef = 26C4E3901DBDAF2E00D2F0D8 /* Expandable.storyboard */; };
		26DF41A61DA28A4C00E94741 /* TipTableViewCell.swift in Sources */ = {isa = PBXBuildFile; fileRef = 26DF41A51DA28A4C00E94741 /* TipTableViewCell.swift */; };
		26DF41A81DA2910400E94741 /* SectionTableViewController.swift in Sources */ = {isa = PBXBuildFile; fileRef = 26DF41A71DA2910400E94741 /* SectionTableViewController.swift */; };
		26DF41AA1DA2A56100E94741 /* CustomSectionTableViewController.swift in Sources */ = {isa = PBXBuildFile; fileRef = 26DF41A91DA2A56100E94741 /* CustomSectionTableViewController.swift */; };
		26E732E51DA7968600220214 /* Cell+Rx.swift in Sources */ = {isa = PBXBuildFile; fileRef = 26E732D91DA7968600220214 /* Cell+Rx.swift */; };
		26E732E61DA7968600220214 /* DatePickerCell.swift in Sources */ = {isa = PBXBuildFile; fileRef = 26E732DA1DA7968600220214 /* DatePickerCell.swift */; };
		26E732E71DA7968600220214 /* SliderCell.swift in Sources */ = {isa = PBXBuildFile; fileRef = 26E732DB1DA7968600220214 /* SliderCell.swift */; };
		26E732E81DA7968600220214 /* SwitchCell.swift in Sources */ = {isa = PBXBuildFile; fileRef = 26E732DC1DA7968600220214 /* SwitchCell.swift */; };
		26E732E91DA7968600220214 /* TextFieldCell.swift in Sources */ = {isa = PBXBuildFile; fileRef = 26E732DD1DA7968600220214 /* TextFieldCell.swift */; };
		26E732EA1DA7968600220214 /* Config.swift in Sources */ = {isa = PBXBuildFile; fileRef = 26E732DE1DA7968600220214 /* Config.swift */; };
		26E732ED1DA7968600220214 /* Profile.swift in Sources */ = {isa = PBXBuildFile; fileRef = 26E732E11DA7968600220214 /* Profile.swift */; };
		26E732EF1DA7968600220214 /* SafeCollection.swift in Sources */ = {isa = PBXBuildFile; fileRef = 26E732E31DA7968600220214 /* SafeCollection.swift */; };
		26E732F01DA7968600220214 /* ViewController.swift in Sources */ = {isa = PBXBuildFile; fileRef = 26E732E41DA7968600220214 /* ViewController.swift */; };
/* End PBXBuildFile section */

/* Begin PBXFileReference section */
		2643EF671DA49B9400CC0839 /* R.generated.swift */ = {isa = PBXFileReference; fileEncoding = 4; lastKnownFileType = sourcecode.swift; path = R.generated.swift; sourceTree = "<group>"; };
		2643EF6D1DA52BD300CC0839 /* RefreshTableViewController.swift */ = {isa = PBXFileReference; fileEncoding = 4; lastKnownFileType = sourcecode.swift; path = RefreshTableViewController.swift; sourceTree = "<group>"; };
		2643EF791DA6310400CC0839 /* ChangeSwitchTableViewController.swift */ = {isa = PBXFileReference; fileEncoding = 4; lastKnownFileType = sourcecode.swift; path = ChangeSwitchTableViewController.swift; sourceTree = "<group>"; };
		2643EF801DA6734300CC0839 /* TodoTableViewController.swift */ = {isa = PBXFileReference; fileEncoding = 4; lastKnownFileType = sourcecode.swift; path = TodoTableViewController.swift; sourceTree = "<group>"; };
		265953911DA26E5C009289A8 /* CellIdentifierViewController.swift */ = {isa = PBXFileReference; fileEncoding = 4; lastKnownFileType = sourcecode.swift; path = CellIdentifierViewController.swift; sourceTree = "<group>"; };
		266738921DA26CED00AF351A /* RxDataSourcesExample.app */ = {isa = PBXFileReference; explicitFileType = wrapper.application; includeInIndex = 0; path = RxDataSourcesExample.app; sourceTree = BUILT_PRODUCTS_DIR; };
		266738951DA26CED00AF351A /* AppDelegate.swift */ = {isa = PBXFileReference; lastKnownFileType = sourcecode.swift; path = AppDelegate.swift; sourceTree = "<group>"; };
		2667389A1DA26CED00AF351A /* Base */ = {isa = PBXFileReference; lastKnownFileType = file.storyboard; name = Base; path = Base.lproj/Main.storyboard; sourceTree = "<group>"; };
		2667389C1DA26CED00AF351A /* Assets.xcassets */ = {isa = PBXFileReference; lastKnownFileType = folder.assetcatalog; path = Assets.xcassets; sourceTree = "<group>"; };
		2667389F1DA26CED00AF351A /* Base */ = {isa = PBXFileReference; lastKnownFileType = file.storyboard; name = Base; path = Base.lproj/LaunchScreen.storyboard; sourceTree = "<group>"; };
		266738A11DA26CED00AF351A /* Info.plist */ = {isa = PBXFileReference; lastKnownFileType = text.plist.xml; path = Info.plist; sourceTree = "<group>"; };
		26821CF71DA28027002D2406 /* CellIdentifierTableViewController.swift */ = {isa = PBXFileReference; fileEncoding = 4; lastKnownFileType = sourcecode.swift; path = CellIdentifierTableViewController.swift; sourceTree = "<group>"; };
		269A03EE1DCB371B00E75D93 /* AutomaticCollectionViewFlowLayout.swift */ = {isa = PBXFileReference; fileEncoding = 4; lastKnownFileType = sourcecode.swift; path = AutomaticCollectionViewFlowLayout.swift; sourceTree = "<group>"; };
		269A03EF1DCB371B00E75D93 /* CollectionViewController.swift */ = {isa = PBXFileReference; fileEncoding = 4; lastKnownFileType = sourcecode.swift; path = CollectionViewController.swift; sourceTree = "<group>"; };
		269A03F21DCB372700E75D93 /* HUD.swift */ = {isa = PBXFileReference; fileEncoding = 4; lastKnownFileType = sourcecode.swift; path = HUD.swift; sourceTree = "<group>"; };
		269A03F41DCB373D00E75D93 /* IconCell.swift */ = {isa = PBXFileReference; fileEncoding = 4; lastKnownFileType = sourcecode.swift; path = IconCell.swift; sourceTree = "<group>"; };
		269A03F61DCB396C00E75D93 /* Collection.storyboard */ = {isa = PBXFileReference; fileEncoding = 4; lastKnownFileType = file.storyboard; path = Collection.storyboard; sourceTree = "<group>"; };
		26A882A11DB8B4A20068A1DB /* Alamofire.framework */ = {isa = PBXFileReference; lastKnownFileType = wrapper.framework; name = Alamofire.framework; path = Carthage/Build/iOS/Alamofire.framework; sourceTree = "<group>"; };
		26A882A21DB8B4A20068A1DB /* MBProgressHUD.framework */ = {isa = PBXFileReference; lastKnownFileType = wrapper.framework; name = MBProgressHUD.framework; path = Carthage/Build/iOS/MBProgressHUD.framework; sourceTree = "<group>"; };
		26A882A31DB8B4A20068A1DB /* Rswift.framework */ = {isa = PBXFileReference; lastKnownFileType = wrapper.framework; name = Rswift.framework; path = Carthage/Build/iOS/Rswift.framework; sourceTree = "<group>"; };
		26A882A41DB8B4A20068A1DB /* RxCocoa.framework */ = {isa = PBXFileReference; lastKnownFileType = wrapper.framework; name = RxCocoa.framework; path = Carthage/Build/iOS/RxCocoa.framework; sourceTree = "<group>"; };
		26A882A51DB8B4A20068A1DB /* RxDataSources.framework */ = {isa = PBXFileReference; lastKnownFileType = wrapper.framework; name = RxDataSources.framework; path = Carthage/Build/iOS/RxDataSources.framework; sourceTree = "<group>"; };
		26A882A61DB8B4A20068A1DB /* RxExtensions.framework */ = {isa = PBXFileReference; lastKnownFileType = wrapper.framework; name = RxExtensions.framework; path = Carthage/Build/iOS/RxExtensions.framework; sourceTree = "<group>"; };
		26A882A71DB8B4A20068A1DB /* RxSwift.framework */ = {isa = PBXFileReference; lastKnownFileType = wrapper.framework; name = RxSwift.framework; path = Carthage/Build/iOS/RxSwift.framework; sourceTree = "<group>"; };
		26A882A81DB8B4A20068A1DB /* SwiftyJSON.framework */ = {isa = PBXFileReference; lastKnownFileType = wrapper.framework; name = SwiftyJSON.framework; path = Carthage/Build/iOS/SwiftyJSON.framework; sourceTree = "<group>"; };
		26AAD5751DA3DF29001F0482 /* TapCellTableViewController.swift */ = {isa = PBXFileReference; fileEncoding = 4; lastKnownFileType = sourcecode.swift; path = TapCellTableViewController.swift; sourceTree = "<group>"; };
		26AAD5791DA3FD29001F0482 /* CellButtonClickTableViewController.swift */ = {isa = PBXFileReference; fileEncoding = 4; lastKnownFileType = sourcecode.swift; path = CellButtonClickTableViewController.swift; sourceTree = "<group>"; };
		26AAD57B1DA41A4B001F0482 /* MultipleCellTableViewController.swift */ = {isa = PBXFileReference; fileEncoding = 4; lastKnownFileType = sourcecode.swift; path = MultipleCellTableViewController.swift; sourceTree = "<group>"; };
		26C4E3911DBDAF2E00D2F0D8 /* Base */ = {isa = PBXFileReference; lastKnownFileType = file.storyboard; name = Base; path = Base.lproj/Expandable.storyboard; sourceTree = "<group>"; };
		26DF41A51DA28A4C00E94741 /* TipTableViewCell.swift */ = {isa = PBXFileReference; fileEncoding = 4; lastKnownFileType = sourcecode.swift; path = TipTableViewCell.swift; sourceTree = "<group>"; };
		26DF41A71DA2910400E94741 /* SectionTableViewController.swift */ = {isa = PBXFileReference; fileEncoding = 4; lastKnownFileType = sourcecode.swift; path = SectionTableViewController.swift; sourceTree = "<group>"; };
		26DF41A91DA2A56100E94741 /* CustomSectionTableViewController.swift */ = {isa = PBXFileReference; fileEncoding = 4; lastKnownFileType = sourcecode.swift; path = CustomSectionTableViewController.swift; sourceTree = "<group>"; };
		26E732D91DA7968600220214 /* Cell+Rx.swift */ = {isa = PBXFileReference; fileEncoding = 4; lastKnownFileType = sourcecode.swift; path = "Cell+Rx.swift"; sourceTree = "<group>"; };
		26E732DA1DA7968600220214 /* DatePickerCell.swift */ = {isa = PBXFileReference; fileEncoding = 4; lastKnownFileType = sourcecode.swift; path = DatePickerCell.swift; sourceTree = "<group>"; };
		26E732DB1DA7968600220214 /* SliderCell.swift */ = {isa = PBXFileReference; fileEncoding = 4; lastKnownFileType = sourcecode.swift; path = SliderCell.swift; sourceTree = "<group>"; };
		26E732DC1DA7968600220214 /* SwitchCell.swift */ = {isa = PBXFileReference; fileEncoding = 4; lastKnownFileType = sourcecode.swift; path = SwitchCell.swift; sourceTree = "<group>"; };
		26E732DD1DA7968600220214 /* TextFieldCell.swift */ = {isa = PBXFileReference; fileEncoding = 4; lastKnownFileType = sourcecode.swift; path = TextFieldCell.swift; sourceTree = "<group>"; };
		26E732DE1DA7968600220214 /* Config.swift */ = {isa = PBXFileReference; fileEncoding = 4; lastKnownFileType = sourcecode.swift; path = Config.swift; sourceTree = "<group>"; };
		26E732E11DA7968600220214 /* Profile.swift */ = {isa = PBXFileReference; fileEncoding = 4; lastKnownFileType = sourcecode.swift; path = Profile.swift; sourceTree = "<group>"; };
		26E732E31DA7968600220214 /* SafeCollection.swift */ = {isa = PBXFileReference; fileEncoding = 4; lastKnownFileType = sourcecode.swift; path = SafeCollection.swift; sourceTree = "<group>"; };
		26E732E41DA7968600220214 /* ViewController.swift */ = {isa = PBXFileReference; fileEncoding = 4; lastKnownFileType = sourcecode.swift; path = ViewController.swift; sourceTree = "<group>"; };
/* End PBXFileReference section */

/* Begin PBXFrameworksBuildPhase section */
		2667388F1DA26CED00AF351A /* Frameworks */ = {
			isa = PBXFrameworksBuildPhase;
			buildActionMask = 2147483647;
			files = (
				26A882A91DB8B4A20068A1DB /* Alamofire.framework in Frameworks */,
				26A882AA1DB8B4A20068A1DB /* MBProgressHUD.framework in Frameworks */,
				26A882AB1DB8B4A20068A1DB /* Rswift.framework in Frameworks */,
				26A882AC1DB8B4A20068A1DB /* RxCocoa.framework in Frameworks */,
				26A882AD1DB8B4A20068A1DB /* RxDataSources.framework in Frameworks */,
				26A882AE1DB8B4A20068A1DB /* RxExtensions.framework in Frameworks */,
				26A882AF1DB8B4A20068A1DB /* RxSwift.framework in Frameworks */,
				26A882B01DB8B4A20068A1DB /* SwiftyJSON.framework in Frameworks */,
			);
			runOnlyForDeploymentPostprocessing = 0;
		};
/* End PBXFrameworksBuildPhase section */

/* Begin PBXGroup section */
		266738891DA26CED00AF351A = {
			isa = PBXGroup;
			children = (
				266738941DA26CED00AF351A /* RxDataSourcesExample */,
				266738931DA26CED00AF351A /* Products */,
				26A882A01DB8B4A20068A1DB /* Frameworks */,
			);
			sourceTree = "<group>";
		};
		266738931DA26CED00AF351A /* Products */ = {
			isa = PBXGroup;
			children = (
				266738921DA26CED00AF351A /* RxDataSourcesExample.app */,
			);
			name = Products;
			sourceTree = "<group>";
		};
		266738941DA26CED00AF351A /* RxDataSourcesExample */ = {
			isa = PBXGroup;
			children = (
				269A03ED1DCB371B00E75D93 /* Collection */,
				26E732D71DA7968600220214 /* Expandable */,
				2643EF671DA49B9400CC0839 /* R.generated.swift */,
				266738951DA26CED00AF351A /* AppDelegate.swift */,
				266738991DA26CED00AF351A /* Main.storyboard */,
				2667389C1DA26CED00AF351A /* Assets.xcassets */,
				2667389E1DA26CED00AF351A /* LaunchScreen.storyboard */,
				266738A11DA26CED00AF351A /* Info.plist */,
				265953911DA26E5C009289A8 /* CellIdentifierViewController.swift */,
				26821CF71DA28027002D2406 /* CellIdentifierTableViewController.swift */,
				26DF41A51DA28A4C00E94741 /* TipTableViewCell.swift */,
				26DF41A71DA2910400E94741 /* SectionTableViewController.swift */,
				26DF41A91DA2A56100E94741 /* CustomSectionTableViewController.swift */,
				26AAD5751DA3DF29001F0482 /* TapCellTableViewController.swift */,
				26AAD5791DA3FD29001F0482 /* CellButtonClickTableViewController.swift */,
				26AAD57B1DA41A4B001F0482 /* MultipleCellTableViewController.swift */,
				2643EF6D1DA52BD300CC0839 /* RefreshTableViewController.swift */,
				2643EF791DA6310400CC0839 /* ChangeSwitchTableViewController.swift */,
				2643EF801DA6734300CC0839 /* TodoTableViewController.swift */,
			);
			path = RxDataSourcesExample;
			sourceTree = "<group>";
		};
		269A03ED1DCB371B00E75D93 /* Collection */ = {
			isa = PBXGroup;
			children = (
				269A03EE1DCB371B00E75D93 /* AutomaticCollectionViewFlowLayout.swift */,
				269A03EF1DCB371B00E75D93 /* CollectionViewController.swift */,
				269A03F21DCB372700E75D93 /* HUD.swift */,
				269A03F41DCB373D00E75D93 /* IconCell.swift */,
				269A03F61DCB396C00E75D93 /* Collection.storyboard */,
			);
			path = Collection;
			sourceTree = "<group>";
		};
		26A882A01DB8B4A20068A1DB /* Frameworks */ = {
			isa = PBXGroup;
			children = (
				26A882A11DB8B4A20068A1DB /* Alamofire.framework */,
				26A882A21DB8B4A20068A1DB /* MBProgressHUD.framework */,
				26A882A31DB8B4A20068A1DB /* Rswift.framework */,
				26A882A41DB8B4A20068A1DB /* RxCocoa.framework */,
				26A882A51DB8B4A20068A1DB /* RxDataSources.framework */,
				26A882A61DB8B4A20068A1DB /* RxExtensions.framework */,
				26A882A71DB8B4A20068A1DB /* RxSwift.framework */,
				26A882A81DB8B4A20068A1DB /* SwiftyJSON.framework */,
			);
			name = Frameworks;
			sourceTree = "<group>";
		};
		26E732D71DA7968600220214 /* Expandable */ = {
			isa = PBXGroup;
			children = (
				26C4E3901DBDAF2E00D2F0D8 /* Expandable.storyboard */,
				26E732D81DA7968600220214 /* Cells */,
				26E732DE1DA7968600220214 /* Config.swift */,
				26E732E11DA7968600220214 /* Profile.swift */,
				26E732E31DA7968600220214 /* SafeCollection.swift */,
				26E732E41DA7968600220214 /* ViewController.swift */,
			);
			path = Expandable;
			sourceTree = "<group>";
		};
		26E732D81DA7968600220214 /* Cells */ = {
			isa = PBXGroup;
			children = (
				26E732D91DA7968600220214 /* Cell+Rx.swift */,
				26E732DA1DA7968600220214 /* DatePickerCell.swift */,
				26E732DB1DA7968600220214 /* SliderCell.swift */,
				26E732DC1DA7968600220214 /* SwitchCell.swift */,
				26E732DD1DA7968600220214 /* TextFieldCell.swift */,
			);
			path = Cells;
			sourceTree = "<group>";
		};
/* End PBXGroup section */

/* Begin PBXNativeTarget section */
		266738911DA26CED00AF351A /* RxDataSourcesExample */ = {
			isa = PBXNativeTarget;
			buildConfigurationList = 266738A41DA26CED00AF351A /* Build configuration list for PBXNativeTarget "RxDataSourcesExample" */;
			buildPhases = (
				2643EF661DA49B5600CC0839 /* R */,
				2667388E1DA26CED00AF351A /* Sources */,
				2667388F1DA26CED00AF351A /* Frameworks */,
				266738901DA26CED00AF351A /* Resources */,
				26A882B11DB8B4A60068A1DB /* ShellScript */,
			);
			buildRules = (
			);
			dependencies = (
			);
			name = RxDataSourcesExample;
			productName = RxDataSourcesExample;
			productReference = 266738921DA26CED00AF351A /* RxDataSourcesExample.app */;
			productType = "com.apple.product-type.application";
		};
/* End PBXNativeTarget section */

/* Begin PBXProject section */
		2667388A1DA26CED00AF351A /* Project object */ = {
			isa = PBXProject;
			attributes = {
				LastSwiftUpdateCheck = 0810;
				LastUpgradeCheck = 0810;
				ORGANIZATIONNAME = T;
				TargetAttributes = {
					266738911DA26CED00AF351A = {
						CreatedOnToolsVersion = 8.1;
						DevelopmentTeam = 9Y9KG3KBHJ;
						ProvisioningStyle = Automatic;
					};
				};
			};
			buildConfigurationList = 2667388D1DA26CED00AF351A /* Build configuration list for PBXProject "RxDataSourcesExample" */;
			compatibilityVersion = "Xcode 3.2";
			developmentRegion = English;
			hasScannedForEncodings = 0;
			knownRegions = (
				en,
				Base,
			);
			mainGroup = 266738891DA26CED00AF351A;
			productRefGroup = 266738931DA26CED00AF351A /* Products */;
			projectDirPath = "";
			projectRoot = "";
			targets = (
				266738911DA26CED00AF351A /* RxDataSourcesExample */,
			);
		};
/* End PBXProject section */

/* Begin PBXResourcesBuildPhase section */
		266738901DA26CED00AF351A /* Resources */ = {
			isa = PBXResourcesBuildPhase;
			buildActionMask = 2147483647;
			files = (
				26C4E3921DBDAF2E00D2F0D8 /* Expandable.storyboard in Resources */,
				266738A01DA26CED00AF351A /* LaunchScreen.storyboard in Resources */,
				2667389D1DA26CED00AF351A /* Assets.xcassets in Resources */,
				2667389B1DA26CED00AF351A /* Main.storyboard in Resources */,
				269A03F71DCB396C00E75D93 /* Collection.storyboard in Resources */,
			);
			runOnlyForDeploymentPostprocessing = 0;
		};
/* End PBXResourcesBuildPhase section */

/* Begin PBXShellScriptBuildPhase section */
		2643EF661DA49B5600CC0839 /* R */ = {
			isa = PBXShellScriptBuildPhase;
			buildActionMask = 2147483647;
			files = (
			);
			inputPaths = (
			);
			name = R;
			outputPaths = (
			);
			runOnlyForDeploymentPostprocessing = 0;
			shellPath = /bin/sh;
			shellScript = "if which \"$SRCROOT/rswift\" >/dev/null; then\n    \"$SRCROOT/rswift\" \"$SRCROOT/RxDataSourcesExample\"\nelse\n    echo \"warning: rswift not installed.\"\nfi";
		};
		26A882B11DB8B4A60068A1DB /* ShellScript */ = {
			isa = PBXShellScriptBuildPhase;
			buildActionMask = 2147483647;
			files = (
			);
			inputPaths = (
				"$(SRCROOT)/Carthage/Build/iOS/MBProgressHUD.framework",
				"$(SRCROOT)/Carthage/Build/iOS/RxExtensions.framework",
				"$(SRCROOT)/Carthage/Build/iOS/Alamofire.framework",
				"$(SRCROOT)/Carthage/Build/iOS/RxCocoa.framework",
				"$(SRCROOT)/Carthage/Build/iOS/RxSwift.framework",
				"$(SRCROOT)/Carthage/Build/iOS/SwiftyJSON.framework",
				"$(SRCROOT)/Carthage/Build/iOS/Rswift.framework",
				"$(SRCROOT)/Carthage/Build/iOS/RxDataSources.framework",
			);
			outputPaths = (
			);
			runOnlyForDeploymentPostprocessing = 0;
			shellPath = /bin/sh;
			shellScript = "/usr/local/bin/carthage copy-frameworks";
		};
/* End PBXShellScriptBuildPhase section */

/* Begin PBXSourcesBuildPhase section */
		2667388E1DA26CED00AF351A /* Sources */ = {
			isa = PBXSourcesBuildPhase;
			buildActionMask = 2147483647;
			files = (
				26E732F01DA7968600220214 /* ViewController.swift in Sources */,
				26AAD5761DA3DF29001F0482 /* TapCellTableViewController.swift in Sources */,
				26DF41AA1DA2A56100E94741 /* CustomSectionTableViewController.swift in Sources */,
				26E732EF1DA7968600220214 /* SafeCollection.swift in Sources */,
				26DF41A81DA2910400E94741 /* SectionTableViewController.swift in Sources */,
				26AAD57A1DA3FD29001F0482 /* CellButtonClickTableViewController.swift in Sources */,
				26E732E71DA7968600220214 /* SliderCell.swift in Sources */,
				266738961DA26CED00AF351A /* AppDelegate.swift in Sources */,
				26DF41A61DA28A4C00E94741 /* TipTableViewCell.swift in Sources */,
				2643EF6E1DA52BD300CC0839 /* RefreshTableViewController.swift in Sources */,
				265953921DA26E5C009289A8 /* CellIdentifierViewController.swift in Sources */,
				26AAD57C1DA41A4B001F0482 /* MultipleCellTableViewController.swift in Sources */,
				269A03F11DCB371B00E75D93 /* CollectionViewController.swift in Sources */,
				26E732E91DA7968600220214 /* TextFieldCell.swift in Sources */,
				26E732E81DA7968600220214 /* SwitchCell.swift in Sources */,
				26821CF81DA28027002D2406 /* CellIdentifierTableViewController.swift in Sources */,
				26E732E61DA7968600220214 /* DatePickerCell.swift in Sources */,
				2643EF811DA6734300CC0839 /* TodoTableViewController.swift in Sources */,
				2643EF7A1DA6310400CC0839 /* ChangeSwitchTableViewController.swift in Sources */,
				26E732EA1DA7968600220214 /* Config.swift in Sources */,
				269A03F51DCB373D00E75D93 /* IconCell.swift in Sources */,
				26E732ED1DA7968600220214 /* Profile.swift in Sources */,
				269A03F31DCB372700E75D93 /* HUD.swift in Sources */,
				26E732E51DA7968600220214 /* Cell+Rx.swift in Sources */,
				2643EF681DA49B9400CC0839 /* R.generated.swift in Sources */,
				269A03F01DCB371B00E75D93 /* AutomaticCollectionViewFlowLayout.swift in Sources */,
			);
			runOnlyForDeploymentPostprocessing = 0;
		};
/* End PBXSourcesBuildPhase section */

/* Begin PBXVariantGroup section */
		266738991DA26CED00AF351A /* Main.storyboard */ = {
			isa = PBXVariantGroup;
			children = (
				2667389A1DA26CED00AF351A /* Base */,
			);
			name = Main.storyboard;
			sourceTree = "<group>";
		};
		2667389E1DA26CED00AF351A /* LaunchScreen.storyboard */ = {
			isa = PBXVariantGroup;
			children = (
				2667389F1DA26CED00AF351A /* Base */,
			);
			name = LaunchScreen.storyboard;
			sourceTree = "<group>";
		};
		26C4E3901DBDAF2E00D2F0D8 /* Expandable.storyboard */ = {
			isa = PBXVariantGroup;
			children = (
				26C4E3911DBDAF2E00D2F0D8 /* Base */,
			);
			name = Expandable.storyboard;
			sourceTree = "<group>";
		};
/* End PBXVariantGroup section */

/* Begin XCBuildConfiguration section */
		266738A21DA26CED00AF351A /* Debug */ = {
			isa = XCBuildConfiguration;
			buildSettings = {
				ALWAYS_SEARCH_USER_PATHS = NO;
				CLANG_ANALYZER_NONNULL = YES;
				CLANG_CXX_LANGUAGE_STANDARD = "gnu++0x";
				CLANG_CXX_LIBRARY = "libc++";
				CLANG_ENABLE_MODULES = YES;
				CLANG_ENABLE_OBJC_ARC = YES;
				CLANG_WARN_BOOL_CONVERSION = YES;
				CLANG_WARN_CONSTANT_CONVERSION = YES;
				CLANG_WARN_DIRECT_OBJC_ISA_USAGE = YES_ERROR;
				CLANG_WARN_DOCUMENTATION_COMMENTS = YES;
				CLANG_WARN_EMPTY_BODY = YES;
				CLANG_WARN_ENUM_CONVERSION = YES;
				CLANG_WARN_INFINITE_RECURSION = YES;
				CLANG_WARN_INT_CONVERSION = YES;
				CLANG_WARN_OBJC_ROOT_CLASS = YES_ERROR;
				CLANG_WARN_SUSPICIOUS_MOVES = YES;
				CLANG_WARN_UNREACHABLE_CODE = YES;
				CLANG_WARN__DUPLICATE_METHOD_MATCH = YES;
				"CODE_SIGN_IDENTITY[sdk=iphoneos*]" = "iPhone Developer";
				COPY_PHASE_STRIP = NO;
				DEBUG_INFORMATION_FORMAT = dwarf;
				ENABLE_STRICT_OBJC_MSGSEND = YES;
				ENABLE_TESTABILITY = YES;
				GCC_C_LANGUAGE_STANDARD = gnu99;
				GCC_DYNAMIC_NO_PIC = NO;
				GCC_NO_COMMON_BLOCKS = YES;
				GCC_OPTIMIZATION_LEVEL = 0;
				GCC_PREPROCESSOR_DEFINITIONS = (
					"DEBUG=1",
					"$(inherited)",
				);
				GCC_WARN_64_TO_32_BIT_CONVERSION = YES;
				GCC_WARN_ABOUT_RETURN_TYPE = YES_ERROR;
				GCC_WARN_UNDECLARED_SELECTOR = YES;
				GCC_WARN_UNINITIALIZED_AUTOS = YES_AGGRESSIVE;
				GCC_WARN_UNUSED_FUNCTION = YES;
				GCC_WARN_UNUSED_VARIABLE = YES;
				IPHONEOS_DEPLOYMENT_TARGET = 10.0;
				MTL_ENABLE_DEBUG_INFO = YES;
				ONLY_ACTIVE_ARCH = YES;
				SDKROOT = iphoneos;
				SWIFT_ACTIVE_COMPILATION_CONDITIONS = DEBUG;
				SWIFT_OPTIMIZATION_LEVEL = "-Onone";
				TARGETED_DEVICE_FAMILY = "1,2";
			};
			name = Debug;
		};
		266738A31DA26CED00AF351A /* Release */ = {
			isa = XCBuildConfiguration;
			buildSettings = {
				ALWAYS_SEARCH_USER_PATHS = NO;
				CLANG_ANALYZER_NONNULL = YES;
				CLANG_CXX_LANGUAGE_STANDARD = "gnu++0x";
				CLANG_CXX_LIBRARY = "libc++";
				CLANG_ENABLE_MODULES = YES;
				CLANG_ENABLE_OBJC_ARC = YES;
				CLANG_WARN_BOOL_CONVERSION = YES;
				CLANG_WARN_CONSTANT_CONVERSION = YES;
				CLANG_WARN_DIRECT_OBJC_ISA_USAGE = YES_ERROR;
				CLANG_WARN_DOCUMENTATION_COMMENTS = YES;
				CLANG_WARN_EMPTY_BODY = YES;
				CLANG_WARN_ENUM_CONVERSION = YES;
				CLANG_WARN_INFINITE_RECURSION = YES;
				CLANG_WARN_INT_CONVERSION = YES;
				CLANG_WARN_OBJC_ROOT_CLASS = YES_ERROR;
				CLANG_WARN_SUSPICIOUS_MOVES = YES;
				CLANG_WARN_UNREACHABLE_CODE = YES;
				CLANG_WARN__DUPLICATE_METHOD_MATCH = YES;
				"CODE_SIGN_IDENTITY[sdk=iphoneos*]" = "iPhone Developer";
				COPY_PHASE_STRIP = NO;
				DEBUG_INFORMATION_FORMAT = "dwarf-with-dsym";
				ENABLE_NS_ASSERTIONS = NO;
				ENABLE_STRICT_OBJC_MSGSEND = YES;
				GCC_C_LANGUAGE_STANDARD = gnu99;
				GCC_NO_COMMON_BLOCKS = YES;
				GCC_WARN_64_TO_32_BIT_CONVERSION = YES;
				GCC_WARN_ABOUT_RETURN_TYPE = YES_ERROR;
				GCC_WARN_UNDECLARED_SELECTOR = YES;
				GCC_WARN_UNINITIALIZED_AUTOS = YES_AGGRESSIVE;
				GCC_WARN_UNUSED_FUNCTION = YES;
				GCC_WARN_UNUSED_VARIABLE = YES;
				IPHONEOS_DEPLOYMENT_TARGET = 10.0;
				MTL_ENABLE_DEBUG_INFO = NO;
				SDKROOT = iphoneos;
				SWIFT_OPTIMIZATION_LEVEL = "-Owholemodule";
				TARGETED_DEVICE_FAMILY = "1,2";
				VALIDATE_PRODUCT = YES;
			};
			name = Release;
		};
		266738A51DA26CED00AF351A /* Debug */ = {
			isa = XCBuildConfiguration;
			buildSettings = {
				ASSETCATALOG_COMPILER_APPICON_NAME = AppIcon;
				DEVELOPMENT_TEAM = 9Y9KG3KBHJ;
				FRAMEWORK_SEARCH_PATHS = (
					"$(inherited)",
					"$(PROJECT_DIR)/Carthage/Build/iOS",
					"$(PROJECT_DIR)",
				);
				INFOPLIST_FILE = RxDataSourcesExample/Info.plist;
				LD_RUNPATH_SEARCH_PATHS = "$(inherited) @executable_path/Frameworks";
				PRODUCT_BUNDLE_IDENTIFIER = gg.swift.t.RxDataSourcesExample;
				PRODUCT_NAME = "$(TARGET_NAME)";
				SWIFT_VERSION = 3.0;
			};
			name = Debug;
		};
		266738A61DA26CED00AF351A /* Release */ = {
			isa = XCBuildConfiguration;
			buildSettings = {
				ASSETCATALOG_COMPILER_APPICON_NAME = AppIcon;
				DEVELOPMENT_TEAM = 9Y9KG3KBHJ;
				FRAMEWORK_SEARCH_PATHS = (
					"$(inherited)",
					"$(PROJECT_DIR)/Carthage/Build/iOS",
					"$(PROJECT_DIR)",
				);
				INFOPLIST_FILE = RxDataSourcesExample/Info.plist;
				LD_RUNPATH_SEARCH_PATHS = "$(inherited) @executable_path/Frameworks";
				PRODUCT_BUNDLE_IDENTIFIER = gg.swift.t.RxDataSourcesExample;
				PRODUCT_NAME = "$(TARGET_NAME)";
				SWIFT_VERSION = 3.0;
			};
			name = Release;
		};
/* End XCBuildConfiguration section */

/* Begin XCConfigurationList section */
		2667388D1DA26CED00AF351A /* Build configuration list for PBXProject "RxDataSourcesExample" */ = {
			isa = XCConfigurationList;
			buildConfigurations = (
				266738A21DA26CED00AF351A /* Debug */,
				266738A31DA26CED00AF351A /* Release */,
			);
			defaultConfigurationIsVisible = 0;
			defaultConfigurationName = Release;
		};
		266738A41DA26CED00AF351A /* Build configuration list for PBXNativeTarget "RxDataSourcesExample" */ = {
			isa = XCConfigurationList;
			buildConfigurations = (
				266738A51DA26CED00AF351A /* Debug */,
				266738A61DA26CED00AF351A /* Release */,
			);
			defaultConfigurationIsVisible = 0;
			defaultConfigurationName = Release;
		};
/* End XCConfigurationList section */
	};
	rootObject = 2667388A1DA26CED00AF351A /* Project object */;
}
