// !$*UTF8*$!
{
	archiveVersion = 1;
	classes = {
	};
	objectVersion = 46;
	objects = {

/* Begin PBXBuildFile section */
		26615E9C1D6CC2AF004536D3 /* AppDelegate.swift in Sources */ = {isa = PBXBuildFile; fileRef = 26615E9B1D6CC2AF004536D3 /* AppDelegate.swift */; };
		26615EA11D6CC2AF004536D3 /* Main.storyboard in Resources */ = {isa = PBXBuildFile; fileRef = 26615E9F1D6CC2AF004536D3 /* Main.storyboard */; };
		26615EA31D6CC2AF004536D3 /* Assets.xcassets in Resources */ = {isa = PBXBuildFile; fileRef = 26615EA21D6CC2AF004536D3 /* Assets.xcassets */; };
		26615EA61D6CC2AF004536D3 /* LaunchScreen.storyboard in Resources */ = {isa = PBXBuildFile; fileRef = 26615EA41D6CC2AF004536D3 /* LaunchScreen.storyboard */; };
		26615ECE1D6CC31B004536D3 /* PushSettingData.swift in Sources */ = {isa = PBXBuildFile; fileRef = 26615EC11D6CC31B004536D3 /* PushSettingData.swift */; };
		26615ECF1D6CC31B004536D3 /* PushSettingModel.swift in Sources */ = {isa = PBXBuildFile; fileRef = 26615EC21D6CC31B004536D3 /* PushSettingModel.swift */; };
		26615ED01D6CC31B004536D3 /* PushSettingViewController.swift in Sources */ = {isa = PBXBuildFile; fileRef = 26615EC31D6CC31B004536D3 /* PushSettingViewController.swift */; };
		26615ED11D6CC31B004536D3 /* SelectTableViewCell.swift in Sources */ = {isa = PBXBuildFile; fileRef = 26615EC41D6CC31B004536D3 /* SelectTableViewCell.swift */; };
		26615ED21D6CC31B004536D3 /* SelectTableViewHeaderFooterView.swift in Sources */ = {isa = PBXBuildFile; fileRef = 26615EC51D6CC31B004536D3 /* SelectTableViewHeaderFooterView.swift */; };
		26615ED31D6CC31B004536D3 /* PaymentTableViewCell.swift in Sources */ = {isa = PBXBuildFile; fileRef = 26615EC71D6CC31B004536D3 /* PaymentTableViewCell.swift */; };
		26615ED41D6CC31B004536D3 /* SelectPaymentViewController.swift in Sources */ = {isa = PBXBuildFile; fileRef = 26615EC81D6CC31B004536D3 /* SelectPaymentViewController.swift */; };
		26615ED51D6CC31B004536D3 /* CartViewController.swift in Sources */ = {isa = PBXBuildFile; fileRef = 26615ECA1D6CC31B004536D3 /* CartViewController.swift */; };
		26615ED61D6CC31B004536D3 /* ProductTableViewCell.swift in Sources */ = {isa = PBXBuildFile; fileRef = 26615ECB1D6CC31B004536D3 /* ProductTableViewCell.swift */; };
		26615ED91D6CC454004536D3 /* R.generated.swift in Sources */ = {isa = PBXBuildFile; fileRef = 26615ED81D6CC454004536D3 /* R.generated.swift */; };
		26CCF58E1DBF42DF0023586B /* RxSwift.framework in Frameworks */ = {isa = PBXBuildFile; fileRef = 26CCF5891DBF42DF0023586B /* RxSwift.framework */; };
		26CCF58F1DBF42DF0023586B /* RxCocoa.framework in Frameworks */ = {isa = PBXBuildFile; fileRef = 26CCF58A1DBF42DF0023586B /* RxCocoa.framework */; };
		26CCF5901DBF42DF0023586B /* RxExtensions.framework in Frameworks */ = {isa = PBXBuildFile; fileRef = 26CCF58B1DBF42DF0023586B /* RxExtensions.framework */; };
		26CCF5911DBF42DF0023586B /* RxDataSources.framework in Frameworks */ = {isa = PBXBuildFile; fileRef = 26CCF58C1DBF42DF0023586B /* RxDataSources.framework */; };
		26CCF5921DBF42DF0023586B /* Rswift.framework in Frameworks */ = {isa = PBXBuildFile; fileRef = 26CCF58D1DBF42DF0023586B /* Rswift.framework */; };
		26CCF5951DBF43850023586B /* SnapKit.framework in Frameworks */ = {isa = PBXBuildFile; fileRef = 26CCF5941DBF43850023586B /* SnapKit.framework */; };
/* End PBXBuildFile section */

/* Begin PBXFileReference section */
		26615E981D6CC2AF004536D3 /* TwoWayBind.app */ = {isa = PBXFileReference; explicitFileType = wrapper.application; includeInIndex = 0; path = TwoWayBind.app; sourceTree = BUILT_PRODUCTS_DIR; };
		26615E9B1D6CC2AF004536D3 /* AppDelegate.swift */ = {isa = PBXFileReference; lastKnownFileType = sourcecode.swift; path = AppDelegate.swift; sourceTree = "<group>"; };
		26615EA01D6CC2AF004536D3 /* Base */ = {isa = PBXFileReference; lastKnownFileType = file.storyboard; name = Base; path = Base.lproj/Main.storyboard; sourceTree = "<group>"; };
		26615EA21D6CC2AF004536D3 /* Assets.xcassets */ = {isa = PBXFileReference; lastKnownFileType = folder.assetcatalog; path = Assets.xcassets; sourceTree = "<group>"; };
		26615EA51D6CC2AF004536D3 /* Base */ = {isa = PBXFileReference; lastKnownFileType = file.storyboard; name = Base; path = Base.lproj/LaunchScreen.storyboard; sourceTree = "<group>"; };
		26615EA71D6CC2AF004536D3 /* Info.plist */ = {isa = PBXFileReference; lastKnownFileType = text.plist.xml; path = Info.plist; sourceTree = "<group>"; };
		26615EC11D6CC31B004536D3 /* PushSettingData.swift */ = {isa = PBXFileReference; fileEncoding = 4; lastKnownFileType = sourcecode.swift; path = PushSettingData.swift; sourceTree = "<group>"; };
		26615EC21D6CC31B004536D3 /* PushSettingModel.swift */ = {isa = PBXFileReference; fileEncoding = 4; lastKnownFileType = sourcecode.swift; path = PushSettingModel.swift; sourceTree = "<group>"; };
		26615EC31D6CC31B004536D3 /* PushSettingViewController.swift */ = {isa = PBXFileReference; fileEncoding = 4; lastKnownFileType = sourcecode.swift; path = PushSettingViewController.swift; sourceTree = "<group>"; };
		26615EC41D6CC31B004536D3 /* SelectTableViewCell.swift */ = {isa = PBXFileReference; fileEncoding = 4; lastKnownFileType = sourcecode.swift; path = SelectTableViewCell.swift; sourceTree = "<group>"; };
		26615EC51D6CC31B004536D3 /* SelectTableViewHeaderFooterView.swift */ = {isa = PBXFileReference; fileEncoding = 4; lastKnownFileType = sourcecode.swift; path = SelectTableViewHeaderFooterView.swift; sourceTree = "<group>"; };
		26615EC71D6CC31B004536D3 /* PaymentTableViewCell.swift */ = {isa = PBXFileReference; fileEncoding = 4; lastKnownFileType = sourcecode.swift; path = PaymentTableViewCell.swift; sourceTree = "<group>"; };
		26615EC81D6CC31B004536D3 /* SelectPaymentViewController.swift */ = {isa = PBXFileReference; fileEncoding = 4; lastKnownFileType = sourcecode.swift; path = SelectPaymentViewController.swift; sourceTree = "<group>"; };
		26615ECA1D6CC31B004536D3 /* CartViewController.swift */ = {isa = PBXFileReference; fileEncoding = 4; lastKnownFileType = sourcecode.swift; path = CartViewController.swift; sourceTree = "<group>"; };
		26615ECB1D6CC31B004536D3 /* ProductTableViewCell.swift */ = {isa = PBXFileReference; fileEncoding = 4; lastKnownFileType = sourcecode.swift; path = ProductTableViewCell.swift; sourceTree = "<group>"; };
		26615ED81D6CC454004536D3 /* R.generated.swift */ = {isa = PBXFileReference; fileEncoding = 4; lastKnownFileType = sourcecode.swift; path = R.generated.swift; sourceTree = "<group>"; };
		26CCF5891DBF42DF0023586B /* RxSwift.framework */ = {isa = PBXFileReference; lastKnownFileType = wrapper.framework; name = RxSwift.framework; path = Carthage/Build/iOS/RxSwift.framework; sourceTree = "<group>"; };
		26CCF58A1DBF42DF0023586B /* RxCocoa.framework */ = {isa = PBXFileReference; lastKnownFileType = wrapper.framework; name = RxCocoa.framework; path = Carthage/Build/iOS/RxCocoa.framework; sourceTree = "<group>"; };
		26CCF58B1DBF42DF0023586B /* RxExtensions.framework */ = {isa = PBXFileReference; lastKnownFileType = wrapper.framework; name = RxExtensions.framework; path = Carthage/Build/iOS/RxExtensions.framework; sourceTree = "<group>"; };
		26CCF58C1DBF42DF0023586B /* RxDataSources.framework */ = {isa = PBXFileReference; lastKnownFileType = wrapper.framework; name = RxDataSources.framework; path = Carthage/Build/iOS/RxDataSources.framework; sourceTree = "<group>"; };
		26CCF58D1DBF42DF0023586B /* Rswift.framework */ = {isa = PBXFileReference; lastKnownFileType = wrapper.framework; name = Rswift.framework; path = Carthage/Build/iOS/Rswift.framework; sourceTree = "<group>"; };
		26CCF5941DBF43850023586B /* SnapKit.framework */ = {isa = PBXFileReference; lastKnownFileType = wrapper.framework; name = SnapKit.framework; path = Carthage/Build/iOS/SnapKit.framework; sourceTree = "<group>"; };
/* End PBXFileReference section */

/* Begin PBXFrameworksBuildPhase section */
		26615E951D6CC2AF004536D3 /* Frameworks */ = {
			isa = PBXFrameworksBuildPhase;
			buildActionMask = 2147483647;
			files = (
				26CCF5951DBF43850023586B /* SnapKit.framework in Frameworks */,
				26CCF58E1DBF42DF0023586B /* RxSwift.framework in Frameworks */,
				26CCF58F1DBF42DF0023586B /* RxCocoa.framework in Frameworks */,
				26CCF5901DBF42DF0023586B /* RxExtensions.framework in Frameworks */,
				26CCF5911DBF42DF0023586B /* RxDataSources.framework in Frameworks */,
				26CCF5921DBF42DF0023586B /* Rswift.framework in Frameworks */,
			);
			runOnlyForDeploymentPostprocessing = 0;
		};
/* End PBXFrameworksBuildPhase section */

/* Begin PBXGroup section */
		26615E8F1D6CC2AF004536D3 = {
			isa = PBXGroup;
			children = (
				26615E9A1D6CC2AF004536D3 /* TwoWayBind */,
				26615E991D6CC2AF004536D3 /* Products */,
				26CCF5881DBF42DF0023586B /* Frameworks */,
			);
			sourceTree = "<group>";
		};
		26615E991D6CC2AF004536D3 /* Products */ = {
			isa = PBXGroup;
			children = (
				26615E981D6CC2AF004536D3 /* TwoWayBind.app */,
			);
			name = Products;
			sourceTree = "<group>";
		};
		26615E9A1D6CC2AF004536D3 /* TwoWayBind */ = {
			isa = PBXGroup;
			children = (
				26615ED81D6CC454004536D3 /* R.generated.swift */,
				26615EC01D6CC31B004536D3 /* PushSetting */,
				26615EC61D6CC31B004536D3 /* SelectPayment */,
				26615EC91D6CC31B004536D3 /* Cart */,
				26615E9B1D6CC2AF004536D3 /* AppDelegate.swift */,
				26615E9F1D6CC2AF004536D3 /* Main.storyboard */,
				26615EA21D6CC2AF004536D3 /* Assets.xcassets */,
				26615EA41D6CC2AF004536D3 /* LaunchScreen.storyboard */,
				26615EA71D6CC2AF004536D3 /* Info.plist */,
			);
			path = TwoWayBind;
			sourceTree = "<group>";
		};
		26615EC01D6CC31B004536D3 /* PushSetting */ = {
			isa = PBXGroup;
			children = (
				26615EC11D6CC31B004536D3 /* PushSettingData.swift */,
				26615EC21D6CC31B004536D3 /* PushSettingModel.swift */,
				26615EC31D6CC31B004536D3 /* PushSettingViewController.swift */,
				26615EC41D6CC31B004536D3 /* SelectTableViewCell.swift */,
				26615EC51D6CC31B004536D3 /* SelectTableViewHeaderFooterView.swift */,
			);
			path = PushSetting;
			sourceTree = "<group>";
		};
		26615EC61D6CC31B004536D3 /* SelectPayment */ = {
			isa = PBXGroup;
			children = (
				26615EC71D6CC31B004536D3 /* PaymentTableViewCell.swift */,
				26615EC81D6CC31B004536D3 /* SelectPaymentViewController.swift */,
			);
			path = SelectPayment;
			sourceTree = "<group>";
		};
		26615EC91D6CC31B004536D3 /* Cart */ = {
			isa = PBXGroup;
			children = (
				26615ECA1D6CC31B004536D3 /* CartViewController.swift */,
				26615ECB1D6CC31B004536D3 /* ProductTableViewCell.swift */,
			);
			path = Cart;
			sourceTree = "<group>";
		};
		26CCF5881DBF42DF0023586B /* Frameworks */ = {
			isa = PBXGroup;
			children = (
				26CCF5941DBF43850023586B /* SnapKit.framework */,
				26CCF5891DBF42DF0023586B /* RxSwift.framework */,
				26CCF58A1DBF42DF0023586B /* RxCocoa.framework */,
				26CCF58B1DBF42DF0023586B /* RxExtensions.framework */,
				26CCF58C1DBF42DF0023586B /* RxDataSources.framework */,
				26CCF58D1DBF42DF0023586B /* Rswift.framework */,
			);
			name = Frameworks;
			sourceTree = "<group>";
		};
/* End PBXGroup section */

/* Begin PBXNativeTarget section */
		26615E971D6CC2AF004536D3 /* TwoWayBind */ = {
			isa = PBXNativeTarget;
			buildConfigurationList = 26615EAA1D6CC2AF004536D3 /* Build configuration list for PBXNativeTarget "TwoWayBind" */;
			buildPhases = (
				26615E941D6CC2AF004536D3 /* Sources */,
				26615E951D6CC2AF004536D3 /* Frameworks */,
				26615E961D6CC2AF004536D3 /* Resources */,
				26CCF5931DBF43100023586B /* ShellScript */,
			);
			buildRules = (
			);
			dependencies = (
			);
			name = TwoWayBind;
			productName = TwoWayBind;
			productReference = 26615E981D6CC2AF004536D3 /* TwoWayBind.app */;
			productType = "com.apple.product-type.application";
		};
/* End PBXNativeTarget section */

/* Begin PBXProject section */
		26615E901D6CC2AF004536D3 /* Project object */ = {
			isa = PBXProject;
			attributes = {
				LastSwiftUpdateCheck = 0800;
				LastUpgradeCheck = 0800;
				ORGANIZATIONNAME = T;
				TargetAttributes = {
					26615E971D6CC2AF004536D3 = {
						CreatedOnToolsVersion = 8.0;
						DevelopmentTeam = 9Y9KG3KBHJ;
						ProvisioningStyle = Automatic;
					};
				};
			};
			buildConfigurationList = 26615E931D6CC2AF004536D3 /* Build configuration list for PBXProject "TwoWayBind" */;
			compatibilityVersion = "Xcode 3.2";
			developmentRegion = English;
			hasScannedForEncodings = 0;
			knownRegions = (
				en,
				Base,
			);
			mainGroup = 26615E8F1D6CC2AF004536D3;
			productRefGroup = 26615E991D6CC2AF004536D3 /* Products */;
			projectDirPath = "";
			projectRoot = "";
			targets = (
				26615E971D6CC2AF004536D3 /* TwoWayBind */,
			);
		};
/* End PBXProject section */

/* Begin PBXResourcesBuildPhase section */
		26615E961D6CC2AF004536D3 /* Resources */ = {
			isa = PBXResourcesBuildPhase;
			buildActionMask = 2147483647;
			files = (
				26615EA61D6CC2AF004536D3 /* LaunchScreen.storyboard in Resources */,
				26615EA31D6CC2AF004536D3 /* Assets.xcassets in Resources */,
				26615EA11D6CC2AF004536D3 /* Main.storyboard in Resources */,
			);
			runOnlyForDeploymentPostprocessing = 0;
		};
/* End PBXResourcesBuildPhase section */

/* Begin PBXShellScriptBuildPhase section */
		26CCF5931DBF43100023586B /* ShellScript */ = {
			isa = PBXShellScriptBuildPhase;
			buildActionMask = 2147483647;
			files = (
			);
			inputPaths = (
				"$(SRCROOT)/Carthage/Build/iOS/RxSwift.framework",
				"$(SRCROOT)/Carthage/Build/iOS/RxCocoa.framework",
				"$(SRCROOT)/Carthage/Build/iOS/RxExtensions.framework",
				"$(SRCROOT)/Carthage/Build/iOS/RxDataSources.framework",
				"$(SRCROOT)/Carthage/Build/iOS/Rswift.framework",
				"$(SRCROOT)/Carthage/Build/iOS/SnapKit.framework",
			);
			outputPaths = (
			);
			runOnlyForDeploymentPostprocessing = 0;
			shellPath = /bin/sh;
			shellScript = "/usr/local/bin/carthage copy-frameworks";
		};
/* End PBXShellScriptBuildPhase section */

/* Begin PBXSourcesBuildPhase section */
		26615E941D6CC2AF004536D3 /* Sources */ = {
			isa = PBXSourcesBuildPhase;
			buildActionMask = 2147483647;
			files = (
				26615ED31D6CC31B004536D3 /* PaymentTableViewCell.swift in Sources */,
				26615ED91D6CC454004536D3 /* R.generated.swift in Sources */,
				26615ED41D6CC31B004536D3 /* SelectPaymentViewController.swift in Sources */,
				26615ED51D6CC31B004536D3 /* CartViewController.swift in Sources */,
				26615ECF1D6CC31B004536D3 /* PushSettingModel.swift in Sources */,
				26615ED01D6CC31B004536D3 /* PushSettingViewController.swift in Sources */,
				26615ED61D6CC31B004536D3 /* ProductTableViewCell.swift in Sources */,
				26615E9C1D6CC2AF004536D3 /* AppDelegate.swift in Sources */,
				26615ECE1D6CC31B004536D3 /* PushSettingData.swift in Sources */,
				26615ED11D6CC31B004536D3 /* SelectTableViewCell.swift in Sources */,
				26615ED21D6CC31B004536D3 /* SelectTableViewHeaderFooterView.swift in Sources */,
			);
			runOnlyForDeploymentPostprocessing = 0;
		};
/* End PBXSourcesBuildPhase section */

/* Begin PBXVariantGroup section */
		26615E9F1D6CC2AF004536D3 /* Main.storyboard */ = {
			isa = PBXVariantGroup;
			children = (
				26615EA01D6CC2AF004536D3 /* Base */,
			);
			name = Main.storyboard;
			sourceTree = "<group>";
		};
		26615EA41D6CC2AF004536D3 /* LaunchScreen.storyboard */ = {
			isa = PBXVariantGroup;
			children = (
				26615EA51D6CC2AF004536D3 /* Base */,
			);
			name = LaunchScreen.storyboard;
			sourceTree = "<group>";
		};
/* End PBXVariantGroup section */

/* Begin XCBuildConfiguration section */
		26615EA81D6CC2AF004536D3 /* Debug */ = {
			isa = XCBuildConfiguration;
			buildSettings = {
				ALWAYS_SEARCH_USER_PATHS = NO;
				CLANG_ANALYZER_NONNULL = YES;
				CLANG_CXX_LANGUAGE_STANDARD = "gnu++0x";
				CLANG_CXX_LIBRARY = "libc++";
				CLANG_ENABLE_MODULES = YES;
				CLANG_ENABLE_OBJC_ARC = YES;
				CLANG_WARN_BOOL_CONVERSION = YES;
				CLANG_WARN_CONSTANT_CONVERSION = YES;
				CLANG_WARN_DIRECT_OBJC_ISA_USAGE = YES_ERROR;
				CLANG_WARN_DOCUMENTATION_COMMENTS = YES;
				CLANG_WARN_EMPTY_BODY = YES;
				CLANG_WARN_ENUM_CONVERSION = YES;
				CLANG_WARN_INFINITE_RECURSION = YES;
				CLANG_WARN_INT_CONVERSION = YES;
				CLANG_WARN_OBJC_ROOT_CLASS = YES_ERROR;
				CLANG_WARN_SUSPICIOUS_MOVES = YES;
				CLANG_WARN_UNREACHABLE_CODE = YES;
				CLANG_WARN__DUPLICATE_METHOD_MATCH = YES;
				"CODE_SIGN_IDENTITY[sdk=iphoneos*]" = "iPhone Developer";
				COPY_PHASE_STRIP = NO;
				DEBUG_INFORMATION_FORMAT = dwarf;
				ENABLE_STRICT_OBJC_MSGSEND = YES;
				ENABLE_TESTABILITY = YES;
				GCC_C_LANGUAGE_STANDARD = gnu99;
				GCC_DYNAMIC_NO_PIC = NO;
				GCC_NO_COMMON_BLOCKS = YES;
				GCC_OPTIMIZATION_LEVEL = 0;
				GCC_PREPROCESSOR_DEFINITIONS = (
					"DEBUG=1",
					"$(inherited)",
				);
				GCC_WARN_64_TO_32_BIT_CONVERSION = YES;
				GCC_WARN_ABOUT_RETURN_TYPE = YES_ERROR;
				GCC_WARN_UNDECLARED_SELECTOR = YES;
				GCC_WARN_UNINITIALIZED_AUTOS = YES_AGGRESSIVE;
				GCC_WARN_UNUSED_FUNCTION = YES;
				GCC_WARN_UNUSED_VARIABLE = YES;
				IPHONEOS_DEPLOYMENT_TARGET = 9.0;
				MTL_ENABLE_DEBUG_INFO = YES;
				ONLY_ACTIVE_ARCH = YES;
				SDKROOT = iphoneos;
				SWIFT_ACTIVE_COMPILATION_CONDITIONS = DEBUG;
				SWIFT_OPTIMIZATION_LEVEL = "-Onone";
				TARGETED_DEVICE_FAMILY = "1,2";
			};
			name = Debug;
		};
		26615EA91D6CC2AF004536D3 /* Release */ = {
			isa = XCBuildConfiguration;
			buildSettings = {
				ALWAYS_SEARCH_USER_PATHS = NO;
				CLANG_ANALYZER_NONNULL = YES;
				CLANG_CXX_LANGUAGE_STANDARD = "gnu++0x";
				CLANG_CXX_LIBRARY = "libc++";
				CLANG_ENABLE_MODULES = YES;
				CLANG_ENABLE_OBJC_ARC = YES;
				CLANG_WARN_BOOL_CONVERSION = YES;
				CLANG_WARN_CONSTANT_CONVERSION = YES;
				CLANG_WARN_DIRECT_OBJC_ISA_USAGE = YES_ERROR;
				CLANG_WARN_DOCUMENTATION_COMMENTS = YES;
				CLANG_WARN_EMPTY_BODY = YES;
				CLANG_WARN_ENUM_CONVERSION = YES;
				CLANG_WARN_INFINITE_RECURSION = YES;
				CLANG_WARN_INT_CONVERSION = YES;
				CLANG_WARN_OBJC_ROOT_CLASS = YES_ERROR;
				CLANG_WARN_SUSPICIOUS_MOVES = YES;
				CLANG_WARN_UNREACHABLE_CODE = YES;
				CLANG_WARN__DUPLICATE_METHOD_MATCH = YES;
				"CODE_SIGN_IDENTITY[sdk=iphoneos*]" = "iPhone Developer";
				COPY_PHASE_STRIP = NO;
				DEBUG_INFORMATION_FORMAT = "dwarf-with-dsym";
				ENABLE_NS_ASSERTIONS = NO;
				ENABLE_STRICT_OBJC_MSGSEND = YES;
				GCC_C_LANGUAGE_STANDARD = gnu99;
				GCC_NO_COMMON_BLOCKS = YES;
				GCC_WARN_64_TO_32_BIT_CONVERSION = YES;
				GCC_WARN_ABOUT_RETURN_TYPE = YES_ERROR;
				GCC_WARN_UNDECLARED_SELECTOR = YES;
				GCC_WARN_UNINITIALIZED_AUTOS = YES_AGGRESSIVE;
				GCC_WARN_UNUSED_FUNCTION = YES;
				GCC_WARN_UNUSED_VARIABLE = YES;
				IPHONEOS_DEPLOYMENT_TARGET = 9.0;
				MTL_ENABLE_DEBUG_INFO = NO;
				SDKROOT = iphoneos;
				SWIFT_OPTIMIZATION_LEVEL = "-Owholemodule";
				TARGETED_DEVICE_FAMILY = "1,2";
				VALIDATE_PRODUCT = YES;
			};
			name = Release;
		};
		26615EAB1D6CC2AF004536D3 /* Debug */ = {
			isa = XCBuildConfiguration;
			buildSettings = {
				ASSETCATALOG_COMPILER_APPICON_NAME = AppIcon;
				DEVELOPMENT_TEAM = 9Y9KG3KBHJ;
				FRAMEWORK_SEARCH_PATHS = (
					"$(inherited)",
					"$(PROJECT_DIR)/Carthage/Build/iOS",
				);
				INFOPLIST_FILE = TwoWayBind/Info.plist;
				LD_RUNPATH_SEARCH_PATHS = "$(inherited) @executable_path/Frameworks";
				PRODUCT_BUNDLE_IDENTIFIER = gg.swift.t.TwoWayBind;
				PRODUCT_NAME = "$(TARGET_NAME)";
				SWIFT_VERSION = 3.0;
			};
			name = Debug;
		};
		26615EAC1D6CC2AF004536D3 /* Release */ = {
			isa = XCBuildConfiguration;
			buildSettings = {
				ASSETCATALOG_COMPILER_APPICON_NAME = AppIcon;
				DEVELOPMENT_TEAM = 9Y9KG3KBHJ;
				FRAMEWORK_SEARCH_PATHS = (
					"$(inherited)",
					"$(PROJECT_DIR)/Carthage/Build/iOS",
				);
				INFOPLIST_FILE = TwoWayBind/Info.plist;
				LD_RUNPATH_SEARCH_PATHS = "$(inherited) @executable_path/Frameworks";
				PRODUCT_BUNDLE_IDENTIFIER = gg.swift.t.TwoWayBind;
				PRODUCT_NAME = "$(TARGET_NAME)";
				SWIFT_VERSION = 3.0;
			};
			name = Release;
		};
/* End XCBuildConfiguration section */

/* Begin XCConfigurationList section */
		26615E931D6CC2AF004536D3 /* Build configuration list for PBXProject "TwoWayBind" */ = {
			isa = XCConfigurationList;
			buildConfigurations = (
				26615EA81D6CC2AF004536D3 /* Debug */,
				26615EA91D6CC2AF004536D3 /* Release */,
			);
			defaultConfigurationIsVisible = 0;
			defaultConfigurationName = Release;
		};
		26615EAA1D6CC2AF004536D3 /* Build configuration list for PBXNativeTarget "TwoWayBind" */ = {
			isa = XCConfigurationList;
			buildConfigurations = (
				26615EAB1D6CC2AF004536D3 /* Debug */,
				26615EAC1D6CC2AF004536D3 /* Release */,
			);
			defaultConfigurationIsVisible = 0;
			defaultConfigurationName = Release;
		};
/* End XCConfigurationList section */
	};
	rootObject = 26615E901D6CC2AF004536D3 /* Project object */;
}
