// !$*UTF8*$!
{
	archiveVersion = 1;
	classes = {
	};
	objectVersion = 46;
	objects = {

/* Begin PBXBuildFile section */
		26246E1F1D810A5A00F44CDA /* AppDelegate.swift in Sources */ = {isa = PBXBuildFile; fileRef = 26246E1E1D810A5A00F44CDA /* AppDelegate.swift */; };
		26246E211D810A5A00F44CDA /* ViewController.swift in Sources */ = {isa = PBXBuildFile; fileRef = 26246E201D810A5A00F44CDA /* ViewController.swift */; };
		26246E241D810A5A00F44CDA /* Main.storyboard in Resources */ = {isa = PBXBuildFile; fileRef = 26246E221D810A5A00F44CDA /* Main.storyboard */; };
		26246E261D810A5A00F44CDA /* Assets.xcassets in Resources */ = {isa = PBXBuildFile; fileRef = 26246E251D810A5A00F44CDA /* Assets.xcassets */; };
		26246E291D810A5A00F44CDA /* LaunchScreen.storyboard in Resources */ = {isa = PBXBuildFile; fileRef = 26246E271D810A5A00F44CDA /* LaunchScreen.storyboard */; };
		2636D9801D83144A00331745 /* FinalViewModel.swift in Sources */ = {isa = PBXBuildFile; fileRef = 2636D97F1D83144A00331745 /* FinalViewModel.swift */; };
		2636D9841D83AD6900331745 /* Button+Style.swift in Sources */ = {isa = PBXBuildFile; fileRef = 2636D9831D83AD6900331745 /* Button+Style.swift */; };
		26637E411D9D7FC30060C3C3 /* RxExtensions.framework in Frameworks */ = {isa = PBXBuildFile; fileRef = 2636D9BD1D83F89000331745 /* RxExtensions.framework */; };
		26637E421D9D7FC30060C3C3 /* RxExtensions.framework in Embed Frameworks */ = {isa = PBXBuildFile; fileRef = 2636D9BD1D83F89000331745 /* RxExtensions.framework */; settings = {ATTRIBUTES = (CodeSignOnCopy, RemoveHeadersOnCopy, ); }; };
		26637E431D9D7FC30060C3C3 /* RxSwift.framework in Frameworks */ = {isa = PBXBuildFile; fileRef = 2636D9B61D83F81C00331745 /* RxSwift.framework */; };
		26637E441D9D7FC30060C3C3 /* RxSwift.framework in Embed Frameworks */ = {isa = PBXBuildFile; fileRef = 2636D9B61D83F81C00331745 /* RxSwift.framework */; settings = {ATTRIBUTES = (CodeSignOnCopy, RemoveHeadersOnCopy, ); }; };
		26637E451D9D7FC30060C3C3 /* RxCocoa.framework in Frameworks */ = {isa = PBXBuildFile; fileRef = 26660A601D81CB22007442E2 /* RxCocoa.framework */; };
		26637E461D9D7FC30060C3C3 /* RxCocoa.framework in Embed Frameworks */ = {isa = PBXBuildFile; fileRef = 26660A601D81CB22007442E2 /* RxCocoa.framework */; settings = {ATTRIBUTES = (CodeSignOnCopy, RemoveHeadersOnCopy, ); }; };
		26637E471D9D7FC30060C3C3 /* RxAutomaton.framework in Frameworks */ = {isa = PBXBuildFile; fileRef = 26660A611D81CB22007442E2 /* RxAutomaton.framework */; };
		26637E481D9D7FC30060C3C3 /* RxAutomaton.framework in Embed Frameworks */ = {isa = PBXBuildFile; fileRef = 26660A611D81CB22007442E2 /* RxAutomaton.framework */; settings = {ATTRIBUTES = (CodeSignOnCopy, RemoveHeadersOnCopy, ); }; };
		26637E4B1D9D80160060C3C3 /* RxDataSources.framework in Frameworks */ = {isa = PBXBuildFile; fileRef = 26637E4A1D9D80160060C3C3 /* RxDataSources.framework */; };
		26637E4C1D9D80160060C3C3 /* RxDataSources.framework in Embed Frameworks */ = {isa = PBXBuildFile; fileRef = 26637E4A1D9D80160060C3C3 /* RxDataSources.framework */; settings = {ATTRIBUTES = (CodeSignOnCopy, RemoveHeadersOnCopy, ); }; };
		26637E4E1D9D80500060C3C3 /* Cell+Rx.swift in Sources */ = {isa = PBXBuildFile; fileRef = 26637E4D1D9D80500060C3C3 /* Cell+Rx.swift */; };
		269268DD1D869D25000F2263 /* BasicViewModel.swift in Sources */ = {isa = PBXBuildFile; fileRef = 269268DC1D869D25000F2263 /* BasicViewModel.swift */; };
		269268DF1D869D5B000F2263 /* TimingViewModel.swift in Sources */ = {isa = PBXBuildFile; fileRef = 269268DE1D869D5B000F2263 /* TimingViewModel.swift */; };
		269268E11D869D79000F2263 /* StopwatchViewModelProtocol.swift in Sources */ = {isa = PBXBuildFile; fileRef = 269268E01D869D79000F2263 /* StopwatchViewModelProtocol.swift */; };
		269268E31D869DD7000F2263 /* Tool.swift in Sources */ = {isa = PBXBuildFile; fileRef = 269268E21D869DD7000F2263 /* Tool.swift */; };
		269268E51D869E43000F2263 /* StopwatchTypeListViewController.swift in Sources */ = {isa = PBXBuildFile; fileRef = 269268E41D869E43000F2263 /* StopwatchTypeListViewController.swift */; };
/* End PBXBuildFile section */

/* Begin PBXCopyFilesBuildPhase section */
		26637E491D9D7FC30060C3C3 /* Embed Frameworks */ = {
			isa = PBXCopyFilesBuildPhase;
			buildActionMask = 2147483647;
			dstPath = "";
			dstSubfolderSpec = 10;
			files = (
				26637E461D9D7FC30060C3C3 /* RxCocoa.framework in Embed Frameworks */,
				26637E441D9D7FC30060C3C3 /* RxSwift.framework in Embed Frameworks */,
				26637E4C1D9D80160060C3C3 /* RxDataSources.framework in Embed Frameworks */,
				26637E421D9D7FC30060C3C3 /* RxExtensions.framework in Embed Frameworks */,
				26637E481D9D7FC30060C3C3 /* RxAutomaton.framework in Embed Frameworks */,
			);
			name = "Embed Frameworks";
			runOnlyForDeploymentPostprocessing = 0;
		};
/* End PBXCopyFilesBuildPhase section */

/* Begin PBXFileReference section */
		26246E1B1D810A5A00F44CDA /* Stopwatch.app */ = {isa = PBXFileReference; explicitFileType = wrapper.application; includeInIndex = 0; path = Stopwatch.app; sourceTree = BUILT_PRODUCTS_DIR; };
		26246E1E1D810A5A00F44CDA /* AppDelegate.swift */ = {isa = PBXFileReference; lastKnownFileType = sourcecode.swift; path = AppDelegate.swift; sourceTree = "<group>"; };
		26246E201D810A5A00F44CDA /* ViewController.swift */ = {isa = PBXFileReference; lastKnownFileType = sourcecode.swift; path = ViewController.swift; sourceTree = "<group>"; };
		26246E231D810A5A00F44CDA /* Base */ = {isa = PBXFileReference; lastKnownFileType = file.storyboard; name = Base; path = Base.lproj/Main.storyboard; sourceTree = "<group>"; };
		26246E251D810A5A00F44CDA /* Assets.xcassets */ = {isa = PBXFileReference; lastKnownFileType = folder.assetcatalog; path = Assets.xcassets; sourceTree = "<group>"; };
		26246E281D810A5A00F44CDA /* Base */ = {isa = PBXFileReference; lastKnownFileType = file.storyboard; name = Base; path = Base.lproj/LaunchScreen.storyboard; sourceTree = "<group>"; };
		26246E2A1D810A5A00F44CDA /* Info.plist */ = {isa = PBXFileReference; lastKnownFileType = text.plist.xml; path = Info.plist; sourceTree = "<group>"; };
		2636D97F1D83144A00331745 /* FinalViewModel.swift */ = {isa = PBXFileReference; fileEncoding = 4; lastKnownFileType = sourcecode.swift; path = FinalViewModel.swift; sourceTree = "<group>"; };
		2636D9831D83AD6900331745 /* Button+Style.swift */ = {isa = PBXFileReference; fileEncoding = 4; lastKnownFileType = sourcecode.swift; path = "Button+Style.swift"; sourceTree = "<group>"; };
		2636D9B61D83F81C00331745 /* RxSwift.framework */ = {isa = PBXFileReference; lastKnownFileType = wrapper.framework; name = RxSwift.framework; path = Carthage/Build/iOS/RxSwift.framework; sourceTree = "<group>"; };
		2636D9BD1D83F89000331745 /* RxExtensions.framework */ = {isa = PBXFileReference; lastKnownFileType = wrapper.framework; name = RxExtensions.framework; path = Carthage/Build/iOS/RxExtensions.framework; sourceTree = "<group>"; };
		26637E4A1D9D80160060C3C3 /* RxDataSources.framework */ = {isa = PBXFileReference; lastKnownFileType = wrapper.framework; name = RxDataSources.framework; path = Carthage/Build/iOS/RxDataSources.framework; sourceTree = "<group>"; };
		26637E4D1D9D80500060C3C3 /* Cell+Rx.swift */ = {isa = PBXFileReference; fileEncoding = 4; lastKnownFileType = sourcecode.swift; path = "Cell+Rx.swift"; sourceTree = "<group>"; };
		26660A601D81CB22007442E2 /* RxCocoa.framework */ = {isa = PBXFileReference; lastKnownFileType = wrapper.framework; name = RxCocoa.framework; path = Carthage/Build/iOS/RxCocoa.framework; sourceTree = "<group>"; };
		26660A611D81CB22007442E2 /* RxAutomaton.framework */ = {isa = PBXFileReference; lastKnownFileType = wrapper.framework; name = RxAutomaton.framework; path = Carthage/Build/iOS/RxAutomaton.framework; sourceTree = "<group>"; };
		269268DC1D869D25000F2263 /* BasicViewModel.swift */ = {isa = PBXFileReference; fileEncoding = 4; lastKnownFileType = sourcecode.swift; path = BasicViewModel.swift; sourceTree = "<group>"; };
		269268DE1D869D5B000F2263 /* TimingViewModel.swift */ = {isa = PBXFileReference; fileEncoding = 4; lastKnownFileType = sourcecode.swift; path = TimingViewModel.swift; sourceTree = "<group>"; };
		269268E01D869D79000F2263 /* StopwatchViewModelProtocol.swift */ = {isa = PBXFileReference; fileEncoding = 4; lastKnownFileType = sourcecode.swift; path = StopwatchViewModelProtocol.swift; sourceTree = "<group>"; };
		269268E21D869DD7000F2263 /* Tool.swift */ = {isa = PBXFileReference; fileEncoding = 4; lastKnownFileType = sourcecode.swift; path = Tool.swift; sourceTree = "<group>"; };
		269268E41D869E43000F2263 /* StopwatchTypeListViewController.swift */ = {isa = PBXFileReference; fileEncoding = 4; lastKnownFileType = sourcecode.swift; path = StopwatchTypeListViewController.swift; sourceTree = "<group>"; };
/* End PBXFileReference section */

/* Begin PBXFrameworksBuildPhase section */
		26246E181D810A5A00F44CDA /* Frameworks */ = {
			isa = PBXFrameworksBuildPhase;
			buildActionMask = 2147483647;
			files = (
				26637E451D9D7FC30060C3C3 /* RxCocoa.framework in Frameworks */,
				26637E431D9D7FC30060C3C3 /* RxSwift.framework in Frameworks */,
				26637E4B1D9D80160060C3C3 /* RxDataSources.framework in Frameworks */,
				26637E411D9D7FC30060C3C3 /* RxExtensions.framework in Frameworks */,
				26637E471D9D7FC30060C3C3 /* RxAutomaton.framework in Frameworks */,
			);
			runOnlyForDeploymentPostprocessing = 0;
		};
/* End PBXFrameworksBuildPhase section */

/* Begin PBXGroup section */
		26246E121D810A5A00F44CDA = {
			isa = PBXGroup;
			children = (
				26637E4A1D9D80160060C3C3 /* RxDataSources.framework */,
				2636D9BD1D83F89000331745 /* RxExtensions.framework */,
				2636D9B61D83F81C00331745 /* RxSwift.framework */,
				26660A601D81CB22007442E2 /* RxCocoa.framework */,
				26660A611D81CB22007442E2 /* RxAutomaton.framework */,
				26246E1D1D810A5A00F44CDA /* Stopwatch */,
				26246E1C1D810A5A00F44CDA /* Products */,
			);
			sourceTree = "<group>";
		};
		26246E1C1D810A5A00F44CDA /* Products */ = {
			isa = PBXGroup;
			children = (
				26246E1B1D810A5A00F44CDA /* Stopwatch.app */,
			);
			name = Products;
			sourceTree = "<group>";
		};
		26246E1D1D810A5A00F44CDA /* Stopwatch */ = {
			isa = PBXGroup;
			children = (
				2636D9C01D83FA6100331745 /* unimportant */,
				26246E201D810A5A00F44CDA /* ViewController.swift */,
				2636D97F1D83144A00331745 /* FinalViewModel.swift */,
				269268DE1D869D5B000F2263 /* TimingViewModel.swift */,
				269268DC1D869D25000F2263 /* BasicViewModel.swift */,
				269268E01D869D79000F2263 /* StopwatchViewModelProtocol.swift */,
			);
			path = Stopwatch;
			sourceTree = "<group>";
		};
		2636D9C01D83FA6100331745 /* unimportant */ = {
			isa = PBXGroup;
			children = (
				26637E4D1D9D80500060C3C3 /* Cell+Rx.swift */,
				269268E41D869E43000F2263 /* StopwatchTypeListViewController.swift */,
				26246E1E1D810A5A00F44CDA /* AppDelegate.swift */,
				2636D9831D83AD6900331745 /* Button+Style.swift */,
				26246E221D810A5A00F44CDA /* Main.storyboard */,
				26246E251D810A5A00F44CDA /* Assets.xcassets */,
				26246E271D810A5A00F44CDA /* LaunchScreen.storyboard */,
				26246E2A1D810A5A00F44CDA /* Info.plist */,
				269268E21D869DD7000F2263 /* Tool.swift */,
			);
			name = unimportant;
			sourceTree = "<group>";
		};
/* End PBXGroup section */

/* Begin PBXNativeTarget section */
		26246E1A1D810A5A00F44CDA /* Stopwatch */ = {
			isa = PBXNativeTarget;
			buildConfigurationList = 26246E2D1D810A5A00F44CDA /* Build configuration list for PBXNativeTarget "Stopwatch" */;
			buildPhases = (
				26246E171D810A5A00F44CDA /* Sources */,
				26246E181D810A5A00F44CDA /* Frameworks */,
				26246E191D810A5A00F44CDA /* Resources */,
				26637E491D9D7FC30060C3C3 /* Embed Frameworks */,
			);
			buildRules = (
			);
			dependencies = (
			);
			name = Stopwatch;
			productName = Stopwatch;
			productReference = 26246E1B1D810A5A00F44CDA /* Stopwatch.app */;
			productType = "com.apple.product-type.application";
		};
/* End PBXNativeTarget section */

/* Begin PBXProject section */
		26246E131D810A5A00F44CDA /* Project object */ = {
			isa = PBXProject;
			attributes = {
				LastSwiftUpdateCheck = 0800;
				LastUpgradeCheck = 0800;
				ORGANIZATIONNAME = T;
				TargetAttributes = {
					26246E1A1D810A5A00F44CDA = {
						CreatedOnToolsVersion = 8.0;
						DevelopmentTeam = 9Y9KG3KBHJ;
						ProvisioningStyle = Automatic;
					};
				};
			};
			buildConfigurationList = 26246E161D810A5A00F44CDA /* Build configuration list for PBXProject "Stopwatch" */;
			compatibilityVersion = "Xcode 3.2";
			developmentRegion = English;
			hasScannedForEncodings = 0;
			knownRegions = (
				en,
				Base,
			);
			mainGroup = 26246E121D810A5A00F44CDA;
			productRefGroup = 26246E1C1D810A5A00F44CDA /* Products */;
			projectDirPath = "";
			projectRoot = "";
			targets = (
				26246E1A1D810A5A00F44CDA /* Stopwatch */,
			);
		};
/* End PBXProject section */

/* Begin PBXResourcesBuildPhase section */
		26246E191D810A5A00F44CDA /* Resources */ = {
			isa = PBXResourcesBuildPhase;
			buildActionMask = 2147483647;
			files = (
				26246E291D810A5A00F44CDA /* LaunchScreen.storyboard in Resources */,
				26246E261D810A5A00F44CDA /* Assets.xcassets in Resources */,
				26246E241D810A5A00F44CDA /* Main.storyboard in Resources */,
			);
			runOnlyForDeploymentPostprocessing = 0;
		};
/* End PBXResourcesBuildPhase section */

/* Begin PBXSourcesBuildPhase section */
		26246E171D810A5A00F44CDA /* Sources */ = {
			isa = PBXSourcesBuildPhase;
			buildActionMask = 2147483647;
			files = (
				269268E11D869D79000F2263 /* StopwatchViewModelProtocol.swift in Sources */,
				2636D9801D83144A00331745 /* FinalViewModel.swift in Sources */,
				26246E211D810A5A00F44CDA /* ViewController.swift in Sources */,
				26637E4E1D9D80500060C3C3 /* Cell+Rx.swift in Sources */,
				269268E31D869DD7000F2263 /* Tool.swift in Sources */,
				2636D9841D83AD6900331745 /* Button+Style.swift in Sources */,
				269268E51D869E43000F2263 /* StopwatchTypeListViewController.swift in Sources */,
				269268DD1D869D25000F2263 /* BasicViewModel.swift in Sources */,
				269268DF1D869D5B000F2263 /* TimingViewModel.swift in Sources */,
				26246E1F1D810A5A00F44CDA /* AppDelegate.swift in Sources */,
			);
			runOnlyForDeploymentPostprocessing = 0;
		};
/* End PBXSourcesBuildPhase section */

/* Begin PBXVariantGroup section */
		26246E221D810A5A00F44CDA /* Main.storyboard */ = {
			isa = PBXVariantGroup;
			children = (
				26246E231D810A5A00F44CDA /* Base */,
			);
			name = Main.storyboard;
			sourceTree = "<group>";
		};
		26246E271D810A5A00F44CDA /* LaunchScreen.storyboard */ = {
			isa = PBXVariantGroup;
			children = (
				26246E281D810A5A00F44CDA /* Base */,
			);
			name = LaunchScreen.storyboard;
			sourceTree = "<group>";
		};
/* End PBXVariantGroup section */

/* Begin XCBuildConfiguration section */
		26246E2B1D810A5A00F44CDA /* Debug */ = {
			isa = XCBuildConfiguration;
			buildSettings = {
				ALWAYS_SEARCH_USER_PATHS = NO;
				CLANG_ANALYZER_NONNULL = YES;
				CLANG_CXX_LANGUAGE_STANDARD = "gnu++0x";
				CLANG_CXX_LIBRARY = "libc++";
				CLANG_ENABLE_MODULES = YES;
				CLANG_ENABLE_OBJC_ARC = YES;
				CLANG_WARN_BOOL_CONVERSION = YES;
				CLANG_WARN_CONSTANT_CONVERSION = YES;
				CLANG_WARN_DIRECT_OBJC_ISA_USAGE = YES_ERROR;
				CLANG_WARN_DOCUMENTATION_COMMENTS = YES;
				CLANG_WARN_EMPTY_BODY = YES;
				CLANG_WARN_ENUM_CONVERSION = YES;
				CLANG_WARN_INFINITE_RECURSION = YES;
				CLANG_WARN_INT_CONVERSION = YES;
				CLANG_WARN_OBJC_ROOT_CLASS = YES_ERROR;
				CLANG_WARN_SUSPICIOUS_MOVES = YES;
				CLANG_WARN_UNREACHABLE_CODE = YES;
				CLANG_WARN__DUPLICATE_METHOD_MATCH = YES;
				"CODE_SIGN_IDENTITY[sdk=iphoneos*]" = "iPhone Developer";
				COPY_PHASE_STRIP = NO;
				DEBUG_INFORMATION_FORMAT = dwarf;
				ENABLE_STRICT_OBJC_MSGSEND = YES;
				ENABLE_TESTABILITY = YES;
				GCC_C_LANGUAGE_STANDARD = gnu99;
				GCC_DYNAMIC_NO_PIC = NO;
				GCC_NO_COMMON_BLOCKS = YES;
				GCC_OPTIMIZATION_LEVEL = 0;
				GCC_PREPROCESSOR_DEFINITIONS = (
					"DEBUG=1",
					"$(inherited)",
				);
				GCC_WARN_64_TO_32_BIT_CONVERSION = YES;
				GCC_WARN_ABOUT_RETURN_TYPE = YES_ERROR;
				GCC_WARN_UNDECLARED_SELECTOR = YES;
				GCC_WARN_UNINITIALIZED_AUTOS = YES_AGGRESSIVE;
				GCC_WARN_UNUSED_FUNCTION = YES;
				GCC_WARN_UNUSED_VARIABLE = YES;
				IPHONEOS_DEPLOYMENT_TARGET = 10.0;
				MTL_ENABLE_DEBUG_INFO = YES;
				ONLY_ACTIVE_ARCH = YES;
				SDKROOT = iphoneos;
				SWIFT_ACTIVE_COMPILATION_CONDITIONS = DEBUG;
				SWIFT_OPTIMIZATION_LEVEL = "-Onone";
				TARGETED_DEVICE_FAMILY = "1,2";
			};
			name = Debug;
		};
		26246E2C1D810A5A00F44CDA /* Release */ = {
			isa = XCBuildConfiguration;
			buildSettings = {
				ALWAYS_SEARCH_USER_PATHS = NO;
				CLANG_ANALYZER_NONNULL = YES;
				CLANG_CXX_LANGUAGE_STANDARD = "gnu++0x";
				CLANG_CXX_LIBRARY = "libc++";
				CLANG_ENABLE_MODULES = YES;
				CLANG_ENABLE_OBJC_ARC = YES;
				CLANG_WARN_BOOL_CONVERSION = YES;
				CLANG_WARN_CONSTANT_CONVERSION = YES;
				CLANG_WARN_DIRECT_OBJC_ISA_USAGE = YES_ERROR;
				CLANG_WARN_DOCUMENTATION_COMMENTS = YES;
				CLANG_WARN_EMPTY_BODY = YES;
				CLANG_WARN_ENUM_CONVERSION = YES;
				CLANG_WARN_INFINITE_RECURSION = YES;
				CLANG_WARN_INT_CONVERSION = YES;
				CLANG_WARN_OBJC_ROOT_CLASS = YES_ERROR;
				CLANG_WARN_SUSPICIOUS_MOVES = YES;
				CLANG_WARN_UNREACHABLE_CODE = YES;
				CLANG_WARN__DUPLICATE_METHOD_MATCH = YES;
				"CODE_SIGN_IDENTITY[sdk=iphoneos*]" = "iPhone Developer";
				COPY_PHASE_STRIP = NO;
				DEBUG_INFORMATION_FORMAT = "dwarf-with-dsym";
				ENABLE_NS_ASSERTIONS = NO;
				ENABLE_STRICT_OBJC_MSGSEND = YES;
				GCC_C_LANGUAGE_STANDARD = gnu99;
				GCC_NO_COMMON_BLOCKS = YES;
				GCC_WARN_64_TO_32_BIT_CONVERSION = YES;
				GCC_WARN_ABOUT_RETURN_TYPE = YES_ERROR;
				GCC_WARN_UNDECLARED_SELECTOR = YES;
				GCC_WARN_UNINITIALIZED_AUTOS = YES_AGGRESSIVE;
				GCC_WARN_UNUSED_FUNCTION = YES;
				GCC_WARN_UNUSED_VARIABLE = YES;
				IPHONEOS_DEPLOYMENT_TARGET = 10.0;
				MTL_ENABLE_DEBUG_INFO = NO;
				SDKROOT = iphoneos;
				SWIFT_OPTIMIZATION_LEVEL = "-Owholemodule";
				TARGETED_DEVICE_FAMILY = "1,2";
				VALIDATE_PRODUCT = YES;
			};
			name = Release;
		};
		26246E2E1D810A5A00F44CDA /* Debug */ = {
			isa = XCBuildConfiguration;
			buildSettings = {
				ASSETCATALOG_COMPILER_APPICON_NAME = AppIcon;
				DEVELOPMENT_TEAM = 9Y9KG3KBHJ;
				FRAMEWORK_SEARCH_PATHS = (
					"$(inherited)",
					"$(PROJECT_DIR)/Carthage/Build/iOS",
				);
				INFOPLIST_FILE = Stopwatch/Info.plist;
				LD_RUNPATH_SEARCH_PATHS = "$(inherited) @executable_path/Frameworks";
				PRODUCT_BUNDLE_IDENTIFIER = gg.swift.t.Stopwatch;
				PRODUCT_NAME = "$(TARGET_NAME)";
				SWIFT_VERSION = 3.0;
			};
			name = Debug;
		};
		26246E2F1D810A5A00F44CDA /* Release */ = {
			isa = XCBuildConfiguration;
			buildSettings = {
				ASSETCATALOG_COMPILER_APPICON_NAME = AppIcon;
				DEVELOPMENT_TEAM = 9Y9KG3KBHJ;
				FRAMEWORK_SEARCH_PATHS = (
					"$(inherited)",
					"$(PROJECT_DIR)/Carthage/Build/iOS",
				);
				INFOPLIST_FILE = Stopwatch/Info.plist;
				LD_RUNPATH_SEARCH_PATHS = "$(inherited) @executable_path/Frameworks";
				PRODUCT_BUNDLE_IDENTIFIER = gg.swift.t.Stopwatch;
				PRODUCT_NAME = "$(TARGET_NAME)";
				SWIFT_VERSION = 3.0;
			};
			name = Release;
		};
/* End XCBuildConfiguration section */

/* Begin XCConfigurationList section */
		26246E161D810A5A00F44CDA /* Build configuration list for PBXProject "Stopwatch" */ = {
			isa = XCConfigurationList;
			buildConfigurations = (
				26246E2B1D810A5A00F44CDA /* Debug */,
				26246E2C1D810A5A00F44CDA /* Release */,
			);
			defaultConfigurationIsVisible = 0;
			defaultConfigurationName = Release;
		};
		26246E2D1D810A5A00F44CDA /* Build configuration list for PBXNativeTarget "Stopwatch" */ = {
			isa = XCConfigurationList;
			buildConfigurations = (
				26246E2E1D810A5A00F44CDA /* Debug */,
				26246E2F1D810A5A00F44CDA /* Release */,
			);
			defaultConfigurationIsVisible = 0;
			defaultConfigurationName = Release;
		};
/* End XCConfigurationList section */
	};
	rootObject = 26246E131D810A5A00F44CDA /* Project object */;
}
