// !$*UTF8*$!
{
	archiveVersion = 1;
	classes = {
	};
	objectVersion = 46;
	objects = {

/* Begin PBXBuildFile section */
		269A04231DCB3CFB00E75D93 /* App.swift in Sources */ = {isa = PBXBuildFile; fileRef = 269A04221DCB3CFB00E75D93 /* App.swift */; };
		269A042A1DCB3CFB00E75D93 /* Assets.xcassets in Resources */ = {isa = PBXBuildFile; fileRef = 269A04291DCB3CFB00E75D93 /* Assets.xcassets */; };
		269A042D1DCB3CFB00E75D93 /* LaunchScreen.storyboard in Resources */ = {isa = PBXBuildFile; fileRef = 269A042B1DCB3CFB00E75D93 /* LaunchScreen.storyboard */; };
		269A04381DCB3DD900E75D93 /* State.swift in Sources */ = {isa = PBXBuildFile; fileRef = 269A04371DCB3DD900E75D93 /* State.swift */; };
		269A043A1DCB3DE900E75D93 /* CollectionState.swift in Sources */ = {isa = PBXBuildFile; fileRef = 269A04391DCB3DE900E75D93 /* CollectionState.swift */; };
		269A04421DCB3E7400E75D93 /* RxExtensions.framework in Frameworks */ = {isa = PBXBuildFile; fileRef = 269A043C1DCB3E7400E75D93 /* RxExtensions.framework */; };
		269A04431DCB3E7400E75D93 /* RxDataSources.framework in Frameworks */ = {isa = PBXBuildFile; fileRef = 269A043D1DCB3E7400E75D93 /* RxDataSources.framework */; };
		269A04441DCB3E7400E75D93 /* RxSwift.framework in Frameworks */ = {isa = PBXBuildFile; fileRef = 269A043E1DCB3E7400E75D93 /* RxSwift.framework */; };
		269A04451DCB3E7400E75D93 /* RxCocoa.framework in Frameworks */ = {isa = PBXBuildFile; fileRef = 269A043F1DCB3E7400E75D93 /* RxCocoa.framework */; };
		269A04461DCB3E7400E75D93 /* Rswift.framework in Frameworks */ = {isa = PBXBuildFile; fileRef = 269A04401DCB3E7400E75D93 /* Rswift.framework */; };
		269A04471DCB3E7400E75D93 /* MBProgressHUD.framework in Frameworks */ = {isa = PBXBuildFile; fileRef = 269A04411DCB3E7400E75D93 /* MBProgressHUD.framework */; };
		269A044E1DCB3EBE00E75D93 /* Collection.storyboard in Resources */ = {isa = PBXBuildFile; fileRef = 269A04491DCB3EBE00E75D93 /* Collection.storyboard */; };
		269A04541DCB3F3200E75D93 /* R.generated.swift in Sources */ = {isa = PBXBuildFile; fileRef = 269A04531DCB3F3200E75D93 /* R.generated.swift */; };
		269A04571DCB40E400E75D93 /* Action.swift in Sources */ = {isa = PBXBuildFile; fileRef = 269A04561DCB40E400E75D93 /* Action.swift */; };
		269A04591DCB411200E75D93 /* CollectionAction.swift in Sources */ = {isa = PBXBuildFile; fileRef = 269A04581DCB411200E75D93 /* CollectionAction.swift */; };
		269A045B1DCB441D00E75D93 /* Dispatch.swift in Sources */ = {isa = PBXBuildFile; fileRef = 269A045A1DCB441D00E75D93 /* Dispatch.swift */; };
		269A04601DCB505F00E75D93 /* CollectionView.swift in Sources */ = {isa = PBXBuildFile; fileRef = 269A045F1DCB505F00E75D93 /* CollectionView.swift */; };
		26BD1AE51DCB849A00472A36 /* IconCell.swift in Sources */ = {isa = PBXBuildFile; fileRef = 26BD1AE41DCB849A00472A36 /* IconCell.swift */; };
		26BD1AEC1DCC40E700472A36 /* ItemState.swift in Sources */ = {isa = PBXBuildFile; fileRef = 26BD1AEB1DCC40E700472A36 /* ItemState.swift */; };
		26BD1AEE1DCC437E00472A36 /* ItemAction.swift in Sources */ = {isa = PBXBuildFile; fileRef = 26BD1AED1DCC437E00472A36 /* ItemAction.swift */; };
		26BD1B031DCC7A8300472A36 /* CollectionList.swift in Sources */ = {isa = PBXBuildFile; fileRef = 26BD1B021DCC7A8300472A36 /* CollectionList.swift */; };
		26BD1B051DCC7C7100472A36 /* EditItem.swift in Sources */ = {isa = PBXBuildFile; fileRef = 26BD1B041DCC7C7100472A36 /* EditItem.swift */; };
		26BD1B0F1DCC89BB00472A36 /* AutomaticCollectionViewFlowLayout.swift in Sources */ = {isa = PBXBuildFile; fileRef = 26BD1B091DCC89BB00472A36 /* AutomaticCollectionViewFlowLayout.swift */; };
		26BD1B101DCC89BB00472A36 /* HUD.swift in Sources */ = {isa = PBXBuildFile; fileRef = 26BD1B0A1DCC89BB00472A36 /* HUD.swift */; };
		26BD1B111DCC89BB00472A36 /* RxImagePickerDelegateProxy.swift in Sources */ = {isa = PBXBuildFile; fileRef = 26BD1B0C1DCC89BB00472A36 /* RxImagePickerDelegateProxy.swift */; };
		26BD1B121DCC89BB00472A36 /* UIImagePickerController+Rx.swift in Sources */ = {isa = PBXBuildFile; fileRef = 26BD1B0D1DCC89BB00472A36 /* UIImagePickerController+Rx.swift */; };
		26BD1B131DCC89BB00472A36 /* UIImagePickerController+RxCreate.swift in Sources */ = {isa = PBXBuildFile; fileRef = 26BD1B0E1DCC89BB00472A36 /* UIImagePickerController+RxCreate.swift */; };
/* End PBXBuildFile section */

/* Begin PBXFileReference section */
		269A041F1DCB3CFB00E75D93 /* ReduxDemo.app */ = {isa = PBXFileReference; explicitFileType = wrapper.application; includeInIndex = 0; path = ReduxDemo.app; sourceTree = BUILT_PRODUCTS_DIR; };
		269A04221DCB3CFB00E75D93 /* App.swift */ = {isa = PBXFileReference; lastKnownFileType = sourcecode.swift; path = App.swift; sourceTree = "<group>"; };
		269A04291DCB3CFB00E75D93 /* Assets.xcassets */ = {isa = PBXFileReference; lastKnownFileType = folder.assetcatalog; path = Assets.xcassets; sourceTree = "<group>"; };
		269A042C1DCB3CFB00E75D93 /* Base */ = {isa = PBXFileReference; lastKnownFileType = file.storyboard; name = Base; path = Base.lproj/LaunchScreen.storyboard; sourceTree = "<group>"; };
		269A042E1DCB3CFB00E75D93 /* Info.plist */ = {isa = PBXFileReference; lastKnownFileType = text.plist.xml; path = Info.plist; sourceTree = "<group>"; };
		269A04371DCB3DD900E75D93 /* State.swift */ = {isa = PBXFileReference; fileEncoding = 4; lastKnownFileType = sourcecode.swift; path = State.swift; sourceTree = "<group>"; };
		269A04391DCB3DE900E75D93 /* CollectionState.swift */ = {isa = PBXFileReference; fileEncoding = 4; lastKnownFileType = sourcecode.swift; path = CollectionState.swift; sourceTree = "<group>"; };
		269A043C1DCB3E7400E75D93 /* RxExtensions.framework */ = {isa = PBXFileReference; lastKnownFileType = wrapper.framework; name = RxExtensions.framework; path = Carthage/Build/iOS/RxExtensions.framework; sourceTree = "<group>"; };
		269A043D1DCB3E7400E75D93 /* RxDataSources.framework */ = {isa = PBXFileReference; lastKnownFileType = wrapper.framework; name = RxDataSources.framework; path = Carthage/Build/iOS/RxDataSources.framework; sourceTree = "<group>"; };
		269A043E1DCB3E7400E75D93 /* RxSwift.framework */ = {isa = PBXFileReference; lastKnownFileType = wrapper.framework; name = RxSwift.framework; path = Carthage/Build/iOS/RxSwift.framework; sourceTree = "<group>"; };
		269A043F1DCB3E7400E75D93 /* RxCocoa.framework */ = {isa = PBXFileReference; lastKnownFileType = wrapper.framework; name = RxCocoa.framework; path = Carthage/Build/iOS/RxCocoa.framework; sourceTree = "<group>"; };
		269A04401DCB3E7400E75D93 /* Rswift.framework */ = {isa = PBXFileReference; lastKnownFileType = wrapper.framework; name = Rswift.framework; path = Carthage/Build/iOS/Rswift.framework; sourceTree = "<group>"; };
		269A04411DCB3E7400E75D93 /* MBProgressHUD.framework */ = {isa = PBXFileReference; lastKnownFileType = wrapper.framework; name = MBProgressHUD.framework; path = Carthage/Build/iOS/MBProgressHUD.framework; sourceTree = "<group>"; };
		269A04491DCB3EBE00E75D93 /* Collection.storyboard */ = {isa = PBXFileReference; fileEncoding = 4; lastKnownFileType = file.storyboard; path = Collection.storyboard; sourceTree = "<group>"; };
		269A04531DCB3F3200E75D93 /* R.generated.swift */ = {isa = PBXFileReference; fileEncoding = 4; lastKnownFileType = sourcecode.swift; path = R.generated.swift; sourceTree = "<group>"; };
		269A04561DCB40E400E75D93 /* Action.swift */ = {isa = PBXFileReference; fileEncoding = 4; lastKnownFileType = sourcecode.swift; path = Action.swift; sourceTree = "<group>"; };
		269A04581DCB411200E75D93 /* CollectionAction.swift */ = {isa = PBXFileReference; fileEncoding = 4; lastKnownFileType = sourcecode.swift; path = CollectionAction.swift; sourceTree = "<group>"; };
		269A045A1DCB441D00E75D93 /* Dispatch.swift */ = {isa = PBXFileReference; fileEncoding = 4; lastKnownFileType = sourcecode.swift; path = Dispatch.swift; sourceTree = "<group>"; };
		269A045F1DCB505F00E75D93 /* CollectionView.swift */ = {isa = PBXFileReference; fileEncoding = 4; indentWidth = 4; lastKnownFileType = sourcecode.swift; path = CollectionView.swift; sourceTree = "<group>"; tabWidth = 4; };
		26BD1AE41DCB849A00472A36 /* IconCell.swift */ = {isa = PBXFileReference; fileEncoding = 4; lastKnownFileType = sourcecode.swift; path = IconCell.swift; sourceTree = "<group>"; };
		26BD1AEB1DCC40E700472A36 /* ItemState.swift */ = {isa = PBXFileReference; fileEncoding = 4; lastKnownFileType = sourcecode.swift; path = ItemState.swift; sourceTree = "<group>"; };
		26BD1AED1DCC437E00472A36 /* ItemAction.swift */ = {isa = PBXFileReference; fileEncoding = 4; lastKnownFileType = sourcecode.swift; path = ItemAction.swift; sourceTree = "<group>"; };
		26BD1B021DCC7A8300472A36 /* CollectionList.swift */ = {isa = PBXFileReference; fileEncoding = 4; lastKnownFileType = sourcecode.swift; path = CollectionList.swift; sourceTree = "<group>"; };
		26BD1B041DCC7C7100472A36 /* EditItem.swift */ = {isa = PBXFileReference; fileEncoding = 4; lastKnownFileType = sourcecode.swift; path = EditItem.swift; sourceTree = "<group>"; };
		26BD1B091DCC89BB00472A36 /* AutomaticCollectionViewFlowLayout.swift */ = {isa = PBXFileReference; fileEncoding = 4; lastKnownFileType = sourcecode.swift; path = AutomaticCollectionViewFlowLayout.swift; sourceTree = "<group>"; };
		26BD1B0A1DCC89BB00472A36 /* HUD.swift */ = {isa = PBXFileReference; fileEncoding = 4; lastKnownFileType = sourcecode.swift; path = HUD.swift; sourceTree = "<group>"; };
		26BD1B0C1DCC89BB00472A36 /* RxImagePickerDelegateProxy.swift */ = {isa = PBXFileReference; fileEncoding = 4; lastKnownFileType = sourcecode.swift; path = RxImagePickerDelegateProxy.swift; sourceTree = "<group>"; };
		26BD1B0D1DCC89BB00472A36 /* UIImagePickerController+Rx.swift */ = {isa = PBXFileReference; fileEncoding = 4; lastKnownFileType = sourcecode.swift; path = "UIImagePickerController+Rx.swift"; sourceTree = "<group>"; };
		26BD1B0E1DCC89BB00472A36 /* UIImagePickerController+RxCreate.swift */ = {isa = PBXFileReference; fileEncoding = 4; lastKnownFileType = sourcecode.swift; path = "UIImagePickerController+RxCreate.swift"; sourceTree = "<group>"; };
/* End PBXFileReference section */

/* Begin PBXFrameworksBuildPhase section */
		269A041C1DCB3CFB00E75D93 /* Frameworks */ = {
			isa = PBXFrameworksBuildPhase;
			buildActionMask = 2147483647;
			files = (
				269A04421DCB3E7400E75D93 /* RxExtensions.framework in Frameworks */,
				269A04431DCB3E7400E75D93 /* RxDataSources.framework in Frameworks */,
				269A04441DCB3E7400E75D93 /* RxSwift.framework in Frameworks */,
				269A04451DCB3E7400E75D93 /* RxCocoa.framework in Frameworks */,
				269A04461DCB3E7400E75D93 /* Rswift.framework in Frameworks */,
				269A04471DCB3E7400E75D93 /* MBProgressHUD.framework in Frameworks */,
			);
			runOnlyForDeploymentPostprocessing = 0;
		};
/* End PBXFrameworksBuildPhase section */

/* Begin PBXGroup section */
		269A04161DCB3CFB00E75D93 = {
			isa = PBXGroup;
			children = (
				269A04211DCB3CFB00E75D93 /* ReduxDemo */,
				269A04201DCB3CFB00E75D93 /* Products */,
				269A043B1DCB3E7400E75D93 /* Frameworks */,
			);
			sourceTree = "<group>";
		};
		269A04201DCB3CFB00E75D93 /* Products */ = {
			isa = PBXGroup;
			children = (
				269A041F1DCB3CFB00E75D93 /* ReduxDemo.app */,
			);
			name = Products;
			sourceTree = "<group>";
		};
		269A04211DCB3CFB00E75D93 /* ReduxDemo */ = {
			isa = PBXGroup;
			children = (
				269A04361DCB3D8200E75D93 /* actions */,
				269A04351DCB3D8200E75D93 /* reducers */,
				269A045C1DCB4EF500E75D93 /* components */,
				26BD1B081DCC89BB00472A36 /* utils */,
				269A04221DCB3CFB00E75D93 /* App.swift */,
				26BD1B021DCC7A8300472A36 /* CollectionList.swift */,
				26BD1B041DCC7C7100472A36 /* EditItem.swift */,
				269A04531DCB3F3200E75D93 /* R.generated.swift */,
				269A04491DCB3EBE00E75D93 /* Collection.storyboard */,
				269A04291DCB3CFB00E75D93 /* Assets.xcassets */,
				269A042B1DCB3CFB00E75D93 /* LaunchScreen.storyboard */,
				269A042E1DCB3CFB00E75D93 /* Info.plist */,
			);
			path = ReduxDemo;
			sourceTree = "<group>";
		};
		269A04351DCB3D8200E75D93 /* reducers */ = {
			isa = PBXGroup;
			children = (
				269A04371DCB3DD900E75D93 /* State.swift */,
				269A04391DCB3DE900E75D93 /* CollectionState.swift */,
				26BD1AEB1DCC40E700472A36 /* ItemState.swift */,
				269A045A1DCB441D00E75D93 /* Dispatch.swift */,
			);
			path = reducers;
			sourceTree = "<group>";
		};
		269A04361DCB3D8200E75D93 /* actions */ = {
			isa = PBXGroup;
			children = (
				269A04561DCB40E400E75D93 /* Action.swift */,
				269A04581DCB411200E75D93 /* CollectionAction.swift */,
				26BD1AED1DCC437E00472A36 /* ItemAction.swift */,
			);
			path = actions;
			sourceTree = "<group>";
		};
		269A043B1DCB3E7400E75D93 /* Frameworks */ = {
			isa = PBXGroup;
			children = (
				269A043C1DCB3E7400E75D93 /* RxExtensions.framework */,
				269A043D1DCB3E7400E75D93 /* RxDataSources.framework */,
				269A043E1DCB3E7400E75D93 /* RxSwift.framework */,
				269A043F1DCB3E7400E75D93 /* RxCocoa.framework */,
				269A04401DCB3E7400E75D93 /* Rswift.framework */,
				269A04411DCB3E7400E75D93 /* MBProgressHUD.framework */,
			);
			name = Frameworks;
			sourceTree = "<group>";
		};
		269A045C1DCB4EF500E75D93 /* components */ = {
			isa = PBXGroup;
			children = (
				26BD1AE41DCB849A00472A36 /* IconCell.swift */,
				269A045F1DCB505F00E75D93 /* CollectionView.swift */,
			);
			path = components;
			sourceTree = "<group>";
		};
		26BD1B081DCC89BB00472A36 /* utils */ = {
			isa = PBXGroup;
			children = (
				26BD1B091DCC89BB00472A36 /* AutomaticCollectionViewFlowLayout.swift */,
				26BD1B0A1DCC89BB00472A36 /* HUD.swift */,
				26BD1B0B1DCC89BB00472A36 /* ImagePick+Rx */,
			);
			path = utils;
			sourceTree = "<group>";
		};
		26BD1B0B1DCC89BB00472A36 /* ImagePick+Rx */ = {
			isa = PBXGroup;
			children = (
				26BD1B0C1DCC89BB00472A36 /* RxImagePickerDelegateProxy.swift */,
				26BD1B0D1DCC89BB00472A36 /* UIImagePickerController+Rx.swift */,
				26BD1B0E1DCC89BB00472A36 /* UIImagePickerController+RxCreate.swift */,
			);
			path = "ImagePick+Rx";
			sourceTree = "<group>";
		};
/* End PBXGroup section */

/* Begin PBXNativeTarget section */
		269A041E1DCB3CFB00E75D93 /* ReduxDemo */ = {
			isa = PBXNativeTarget;
			buildConfigurationList = 269A04311DCB3CFB00E75D93 /* Build configuration list for PBXNativeTarget "ReduxDemo" */;
			buildPhases = (
				269A04521DCB3F1600E75D93 /* ShellScript */,
				269A041B1DCB3CFB00E75D93 /* Sources */,
				269A041C1DCB3CFB00E75D93 /* Frameworks */,
				269A041D1DCB3CFB00E75D93 /* Resources */,
				269A04551DCB3F3500E75D93 /* ShellScript */,
			);
			buildRules = (
			);
			dependencies = (
			);
			name = ReduxDemo;
			productName = ReduxDemo;
			productReference = 269A041F1DCB3CFB00E75D93 /* ReduxDemo.app */;
			productType = "com.apple.product-type.application";
		};
/* End PBXNativeTarget section */

/* Begin PBXProject section */
		269A04171DCB3CFB00E75D93 /* Project object */ = {
			isa = PBXProject;
			attributes = {
				LastSwiftUpdateCheck = 0810;
				LastUpgradeCheck = 0810;
				ORGANIZATIONNAME = T;
				TargetAttributes = {
					269A041E1DCB3CFB00E75D93 = {
						CreatedOnToolsVersion = 8.1;
						DevelopmentTeam = 9Y9KG3KBHJ;
						ProvisioningStyle = Automatic;
					};
				};
			};
			buildConfigurationList = 269A041A1DCB3CFB00E75D93 /* Build configuration list for PBXProject "ReduxDemo" */;
			compatibilityVersion = "Xcode 3.2";
			developmentRegion = English;
			hasScannedForEncodings = 0;
			knownRegions = (
				en,
				Base,
			);
			mainGroup = 269A04161DCB3CFB00E75D93;
			productRefGroup = 269A04201DCB3CFB00E75D93 /* Products */;
			projectDirPath = "";
			projectRoot = "";
			targets = (
				269A041E1DCB3CFB00E75D93 /* ReduxDemo */,
			);
		};
/* End PBXProject section */

/* Begin PBXResourcesBuildPhase section */
		269A041D1DCB3CFB00E75D93 /* Resources */ = {
			isa = PBXResourcesBuildPhase;
			buildActionMask = 2147483647;
			files = (
				269A044E1DCB3EBE00E75D93 /* Collection.storyboard in Resources */,
				269A042D1DCB3CFB00E75D93 /* LaunchScreen.storyboard in Resources */,
				269A042A1DCB3CFB00E75D93 /* Assets.xcassets in Resources */,
			);
			runOnlyForDeploymentPostprocessing = 0;
		};
/* End PBXResourcesBuildPhase section */

/* Begin PBXShellScriptBuildPhase section */
		269A04521DCB3F1600E75D93 /* ShellScript */ = {
			isa = PBXShellScriptBuildPhase;
			buildActionMask = 2147483647;
			files = (
			);
			inputPaths = (
			);
			outputPaths = (
			);
			runOnlyForDeploymentPostprocessing = 0;
			shellPath = /bin/sh;
			shellScript = "\"$SRCROOT/rswift\" \"$SRCROOT/ReduxDemo\"";
		};
		269A04551DCB3F3500E75D93 /* ShellScript */ = {
			isa = PBXShellScriptBuildPhase;
			buildActionMask = 2147483647;
			files = (
			);
			inputPaths = (
				"$(SRCROOT)/Carthage/Build/iOS/RxSwift.framework",
				"$(SRCROOT)/Carthage/Build/iOS/RxCocoa.framework",
				"$(SRCROOT)/Carthage/Build/iOS/RxDataSources.framework",
				"$(SRCROOT)/Carthage/Build/iOS/MBProgressHUD.framework",
				"$(SRCROOT)/Carthage/Build/iOS/Rswift.framework",
				"$(SRCROOT)/Carthage/Build/iOS/RxExtensions.framework",
			);
			outputPaths = (
			);
			runOnlyForDeploymentPostprocessing = 0;
			shellPath = /bin/sh;
			shellScript = "/usr/local/bin/carthage copy-frameworks";
		};
/* End PBXShellScriptBuildPhase section */

/* Begin PBXSourcesBuildPhase section */
		269A041B1DCB3CFB00E75D93 /* Sources */ = {
			isa = PBXSourcesBuildPhase;
			buildActionMask = 2147483647;
			files = (
				269A04571DCB40E400E75D93 /* Action.swift in Sources */,
				26BD1AEE1DCC437E00472A36 /* ItemAction.swift in Sources */,
				26BD1AE51DCB849A00472A36 /* IconCell.swift in Sources */,
				26BD1B121DCC89BB00472A36 /* UIImagePickerController+Rx.swift in Sources */,
				269A04591DCB411200E75D93 /* CollectionAction.swift in Sources */,
				269A04601DCB505F00E75D93 /* CollectionView.swift in Sources */,
				26BD1B051DCC7C7100472A36 /* EditItem.swift in Sources */,
				26BD1B111DCC89BB00472A36 /* RxImagePickerDelegateProxy.swift in Sources */,
				26BD1B101DCC89BB00472A36 /* HUD.swift in Sources */,
				269A043A1DCB3DE900E75D93 /* CollectionState.swift in Sources */,
				26BD1AEC1DCC40E700472A36 /* ItemState.swift in Sources */,
				26BD1B0F1DCC89BB00472A36 /* AutomaticCollectionViewFlowLayout.swift in Sources */,
				269A04541DCB3F3200E75D93 /* R.generated.swift in Sources */,
				269A04231DCB3CFB00E75D93 /* App.swift in Sources */,
				26BD1B031DCC7A8300472A36 /* CollectionList.swift in Sources */,
				26BD1B131DCC89BB00472A36 /* UIImagePickerController+RxCreate.swift in Sources */,
				269A045B1DCB441D00E75D93 /* Dispatch.swift in Sources */,
				269A04381DCB3DD900E75D93 /* State.swift in Sources */,
			);
			runOnlyForDeploymentPostprocessing = 0;
		};
/* End PBXSourcesBuildPhase section */

/* Begin PBXVariantGroup section */
		269A042B1DCB3CFB00E75D93 /* LaunchScreen.storyboard */ = {
			isa = PBXVariantGroup;
			children = (
				269A042C1DCB3CFB00E75D93 /* Base */,
			);
			name = LaunchScreen.storyboard;
			sourceTree = "<group>";
		};
/* End PBXVariantGroup section */

/* Begin XCBuildConfiguration section */
		269A042F1DCB3CFB00E75D93 /* Debug */ = {
			isa = XCBuildConfiguration;
			buildSettings = {
				ALWAYS_SEARCH_USER_PATHS = NO;
				CLANG_ANALYZER_NONNULL = YES;
				CLANG_CXX_LANGUAGE_STANDARD = "gnu++0x";
				CLANG_CXX_LIBRARY = "libc++";
				CLANG_ENABLE_MODULES = YES;
				CLANG_ENABLE_OBJC_ARC = YES;
				CLANG_WARN_BOOL_CONVERSION = YES;
				CLANG_WARN_CONSTANT_CONVERSION = YES;
				CLANG_WARN_DIRECT_OBJC_ISA_USAGE = YES_ERROR;
				CLANG_WARN_DOCUMENTATION_COMMENTS = YES;
				CLANG_WARN_EMPTY_BODY = YES;
				CLANG_WARN_ENUM_CONVERSION = YES;
				CLANG_WARN_INFINITE_RECURSION = YES;
				CLANG_WARN_INT_CONVERSION = YES;
				CLANG_WARN_OBJC_ROOT_CLASS = YES_ERROR;
				CLANG_WARN_SUSPICIOUS_MOVES = YES;
				CLANG_WARN_UNREACHABLE_CODE = YES;
				CLANG_WARN__DUPLICATE_METHOD_MATCH = YES;
				"CODE_SIGN_IDENTITY[sdk=iphoneos*]" = "iPhone Developer";
				COPY_PHASE_STRIP = NO;
				DEBUG_INFORMATION_FORMAT = dwarf;
				ENABLE_STRICT_OBJC_MSGSEND = YES;
				ENABLE_TESTABILITY = YES;
				GCC_C_LANGUAGE_STANDARD = gnu99;
				GCC_DYNAMIC_NO_PIC = NO;
				GCC_NO_COMMON_BLOCKS = YES;
				GCC_OPTIMIZATION_LEVEL = 0;
				GCC_PREPROCESSOR_DEFINITIONS = (
					"DEBUG=1",
					"$(inherited)",
				);
				GCC_WARN_64_TO_32_BIT_CONVERSION = YES;
				GCC_WARN_ABOUT_RETURN_TYPE = YES_ERROR;
				GCC_WARN_UNDECLARED_SELECTOR = YES;
				GCC_WARN_UNINITIALIZED_AUTOS = YES_AGGRESSIVE;
				GCC_WARN_UNUSED_FUNCTION = YES;
				GCC_WARN_UNUSED_VARIABLE = YES;
				IPHONEOS_DEPLOYMENT_TARGET = 9.0;
				MTL_ENABLE_DEBUG_INFO = YES;
				ONLY_ACTIVE_ARCH = YES;
				SDKROOT = iphoneos;
				SWIFT_ACTIVE_COMPILATION_CONDITIONS = DEBUG;
				SWIFT_OPTIMIZATION_LEVEL = "-Onone";
				TARGETED_DEVICE_FAMILY = "1,2";
			};
			name = Debug;
		};
		269A04301DCB3CFB00E75D93 /* Release */ = {
			isa = XCBuildConfiguration;
			buildSettings = {
				ALWAYS_SEARCH_USER_PATHS = NO;
				CLANG_ANALYZER_NONNULL = YES;
				CLANG_CXX_LANGUAGE_STANDARD = "gnu++0x";
				CLANG_CXX_LIBRARY = "libc++";
				CLANG_ENABLE_MODULES = YES;
				CLANG_ENABLE_OBJC_ARC = YES;
				CLANG_WARN_BOOL_CONVERSION = YES;
				CLANG_WARN_CONSTANT_CONVERSION = YES;
				CLANG_WARN_DIRECT_OBJC_ISA_USAGE = YES_ERROR;
				CLANG_WARN_DOCUMENTATION_COMMENTS = YES;
				CLANG_WARN_EMPTY_BODY = YES;
				CLANG_WARN_ENUM_CONVERSION = YES;
				CLANG_WARN_INFINITE_RECURSION = YES;
				CLANG_WARN_INT_CONVERSION = YES;
				CLANG_WARN_OBJC_ROOT_CLASS = YES_ERROR;
				CLANG_WARN_SUSPICIOUS_MOVES = YES;
				CLANG_WARN_UNREACHABLE_CODE = YES;
				CLANG_WARN__DUPLICATE_METHOD_MATCH = YES;
				"CODE_SIGN_IDENTITY[sdk=iphoneos*]" = "iPhone Developer";
				COPY_PHASE_STRIP = NO;
				DEBUG_INFORMATION_FORMAT = "dwarf-with-dsym";
				ENABLE_NS_ASSERTIONS = NO;
				ENABLE_STRICT_OBJC_MSGSEND = YES;
				GCC_C_LANGUAGE_STANDARD = gnu99;
				GCC_NO_COMMON_BLOCKS = YES;
				GCC_WARN_64_TO_32_BIT_CONVERSION = YES;
				GCC_WARN_ABOUT_RETURN_TYPE = YES_ERROR;
				GCC_WARN_UNDECLARED_SELECTOR = YES;
				GCC_WARN_UNINITIALIZED_AUTOS = YES_AGGRESSIVE;
				GCC_WARN_UNUSED_FUNCTION = YES;
				GCC_WARN_UNUSED_VARIABLE = YES;
				IPHONEOS_DEPLOYMENT_TARGET = 9.0;
				MTL_ENABLE_DEBUG_INFO = NO;
				SDKROOT = iphoneos;
				SWIFT_OPTIMIZATION_LEVEL = "-Owholemodule";
				TARGETED_DEVICE_FAMILY = "1,2";
				VALIDATE_PRODUCT = YES;
			};
			name = Release;
		};
		269A04321DCB3CFB00E75D93 /* Debug */ = {
			isa = XCBuildConfiguration;
			buildSettings = {
				ASSETCATALOG_COMPILER_APPICON_NAME = AppIcon;
				DEVELOPMENT_TEAM = 9Y9KG3KBHJ;
				FRAMEWORK_SEARCH_PATHS = (
					"$(inherited)",
					"$(PROJECT_DIR)/Carthage/Build/iOS",
				);
				INFOPLIST_FILE = ReduxDemo/Info.plist;
				LD_RUNPATH_SEARCH_PATHS = "$(inherited) @executable_path/Frameworks";
				PRODUCT_BUNDLE_IDENTIFIER = gg.swift.t.ReduxDemo;
				PRODUCT_NAME = "$(TARGET_NAME)";
				SWIFT_VERSION = 3.0;
			};
			name = Debug;
		};
		269A04331DCB3CFB00E75D93 /* Release */ = {
			isa = XCBuildConfiguration;
			buildSettings = {
				ASSETCATALOG_COMPILER_APPICON_NAME = AppIcon;
				DEVELOPMENT_TEAM = 9Y9KG3KBHJ;
				FRAMEWORK_SEARCH_PATHS = (
					"$(inherited)",
					"$(PROJECT_DIR)/Carthage/Build/iOS",
				);
				INFOPLIST_FILE = ReduxDemo/Info.plist;
				LD_RUNPATH_SEARCH_PATHS = "$(inherited) @executable_path/Frameworks";
				PRODUCT_BUNDLE_IDENTIFIER = gg.swift.t.ReduxDemo;
				PRODUCT_NAME = "$(TARGET_NAME)";
				SWIFT_VERSION = 3.0;
			};
			name = Release;
		};
/* End XCBuildConfiguration section */

/* Begin XCConfigurationList section */
		269A041A1DCB3CFB00E75D93 /* Build configuration list for PBXProject "ReduxDemo" */ = {
			isa = XCConfigurationList;
			buildConfigurations = (
				269A042F1DCB3CFB00E75D93 /* Debug */,
				269A04301DCB3CFB00E75D93 /* Release */,
			);
			defaultConfigurationIsVisible = 0;
			defaultConfigurationName = Release;
		};
		269A04311DCB3CFB00E75D93 /* Build configuration list for PBXNativeTarget "ReduxDemo" */ = {
			isa = XCConfigurationList;
			buildConfigurations = (
				269A04321DCB3CFB00E75D93 /* Debug */,
				269A04331DCB3CFB00E75D93 /* Release */,
			);
			defaultConfigurationIsVisible = 0;
			defaultConfigurationName = Release;
		};
/* End XCConfigurationList section */
	};
	rootObject = 269A04171DCB3CFB00E75D93 /* Project object */;
}
