// !$*UTF8*$!
{
	archiveVersion = 1;
	classes = {
	};
	objectVersion = 46;
	objects = {

/* Begin PBXBuildFile section */
		260FED791D64242400CD8FFF /* AppDelegate.swift in Sources */ = {isa = PBXBuildFile; fileRef = 260FED781D64242400CD8FFF /* AppDelegate.swift */; };
		260FED7B1D64242400CD8FFF /* ViewController.swift in Sources */ = {isa = PBXBuildFile; fileRef = 260FED7A1D64242400CD8FFF /* ViewController.swift */; };
		260FED7E1D64242400CD8FFF /* Main.storyboard in Resources */ = {isa = PBXBuildFile; fileRef = 260FED7C1D64242400CD8FFF /* Main.storyboard */; };
		260FED801D64242400CD8FFF /* Assets.xcassets in Resources */ = {isa = PBXBuildFile; fileRef = 260FED7F1D64242400CD8FFF /* Assets.xcassets */; };
		260FED831D64242400CD8FFF /* LaunchScreen.storyboard in Resources */ = {isa = PBXBuildFile; fileRef = 260FED811D64242400CD8FFF /* LaunchScreen.storyboard */; };
		260FED971D64251D00CD8FFF /* R.generated.swift in Sources */ = {isa = PBXBuildFile; fileRef = 260FED961D64251D00CD8FFF /* R.generated.swift */; };
		260FED9A1D64279800CD8FFF /* DatePickerCell.swift in Sources */ = {isa = PBXBuildFile; fileRef = 260FED991D64279800CD8FFF /* DatePickerCell.swift */; };
		260FED9E1D6427B400CD8FFF /* SliderCell.swift in Sources */ = {isa = PBXBuildFile; fileRef = 260FED9D1D6427B400CD8FFF /* SliderCell.swift */; };
		260FEDA01D64286200CD8FFF /* Cell+Rx.swift in Sources */ = {isa = PBXBuildFile; fileRef = 260FED9F1D64286200CD8FFF /* Cell+Rx.swift */; };
		2625D58D1D646B7B008F4CC0 /* SwitchCell.swift in Sources */ = {isa = PBXBuildFile; fileRef = 2625D58C1D646B7B008F4CC0 /* SwitchCell.swift */; };
		2625D58F1D6474AA008F4CC0 /* TextFieldCell.swift in Sources */ = {isa = PBXBuildFile; fileRef = 2625D58E1D6474AA008F4CC0 /* TextFieldCell.swift */; };
		265023A11D64BF50006EFDB8 /* Profile.swift in Sources */ = {isa = PBXBuildFile; fileRef = 265023A01D64BF50006EFDB8 /* Profile.swift */; };
		265023A31D64C3BD006EFDB8 /* SafeCollection.swift in Sources */ = {isa = PBXBuildFile; fileRef = 265023A21D64C3BD006EFDB8 /* SafeCollection.swift */; };
		265023A51D64CB0D006EFDB8 /* Operators.swift in Sources */ = {isa = PBXBuildFile; fileRef = 265023A41D64CB0D006EFDB8 /* Operators.swift */; };
		265023A71D64CE71006EFDB8 /* Config.swift in Sources */ = {isa = PBXBuildFile; fileRef = 265023A61D64CE71006EFDB8 /* Config.swift */; };
		269636E81D70058C0038CE76 /* Rswift.framework in Frameworks */ = {isa = PBXBuildFile; fileRef = 269636E21D70058C0038CE76 /* Rswift.framework */; };
		269636E91D70058C0038CE76 /* Rswift.framework in Embed Frameworks */ = {isa = PBXBuildFile; fileRef = 269636E21D70058C0038CE76 /* Rswift.framework */; settings = {ATTRIBUTES = (CodeSignOnCopy, RemoveHeadersOnCopy, ); }; };
		269636EA1D70058C0038CE76 /* RxCocoa.framework in Frameworks */ = {isa = PBXBuildFile; fileRef = 269636E31D70058C0038CE76 /* RxCocoa.framework */; };
		269636EB1D70058C0038CE76 /* RxCocoa.framework in Embed Frameworks */ = {isa = PBXBuildFile; fileRef = 269636E31D70058C0038CE76 /* RxCocoa.framework */; settings = {ATTRIBUTES = (CodeSignOnCopy, RemoveHeadersOnCopy, ); }; };
		269636EC1D70058C0038CE76 /* RxSwift.framework in Frameworks */ = {isa = PBXBuildFile; fileRef = 269636E41D70058C0038CE76 /* RxSwift.framework */; };
		269636ED1D70058C0038CE76 /* RxSwift.framework in Embed Frameworks */ = {isa = PBXBuildFile; fileRef = 269636E41D70058C0038CE76 /* RxSwift.framework */; settings = {ATTRIBUTES = (CodeSignOnCopy, RemoveHeadersOnCopy, ); }; };
		269636EE1D70058C0038CE76 /* RxDataSources.framework in Frameworks */ = {isa = PBXBuildFile; fileRef = 269636E51D70058C0038CE76 /* RxDataSources.framework */; };
		269636EF1D70058C0038CE76 /* RxDataSources.framework in Embed Frameworks */ = {isa = PBXBuildFile; fileRef = 269636E51D70058C0038CE76 /* RxDataSources.framework */; settings = {ATTRIBUTES = (CodeSignOnCopy, RemoveHeadersOnCopy, ); }; };
		26EB42FF1D9D5EB70073C3DE /* RxExtensions.framework in Frameworks */ = {isa = PBXBuildFile; fileRef = 26EB42FE1D9D5EB70073C3DE /* RxExtensions.framework */; };
		26EB43001D9D5EB70073C3DE /* RxExtensions.framework in Embed Frameworks */ = {isa = PBXBuildFile; fileRef = 26EB42FE1D9D5EB70073C3DE /* RxExtensions.framework */; settings = {ATTRIBUTES = (CodeSignOnCopy, RemoveHeadersOnCopy, ); }; };
/* End PBXBuildFile section */

/* Begin PBXCopyFilesBuildPhase section */
		269636E01D70056E0038CE76 /* Embed Frameworks */ = {
			isa = PBXCopyFilesBuildPhase;
			buildActionMask = 2147483647;
			dstPath = "";
			dstSubfolderSpec = 10;
			files = (
				269636ED1D70058C0038CE76 /* RxSwift.framework in Embed Frameworks */,
				26EB43001D9D5EB70073C3DE /* RxExtensions.framework in Embed Frameworks */,
				269636EB1D70058C0038CE76 /* RxCocoa.framework in Embed Frameworks */,
				269636EF1D70058C0038CE76 /* RxDataSources.framework in Embed Frameworks */,
				269636E91D70058C0038CE76 /* Rswift.framework in Embed Frameworks */,
			);
			name = "Embed Frameworks";
			runOnlyForDeploymentPostprocessing = 0;
		};
/* End PBXCopyFilesBuildPhase section */

/* Begin PBXFileReference section */
		260FED751D64242400CD8FFF /* Expandable.app */ = {isa = PBXFileReference; explicitFileType = wrapper.application; includeInIndex = 0; path = Expandable.app; sourceTree = BUILT_PRODUCTS_DIR; };
		260FED781D64242400CD8FFF /* AppDelegate.swift */ = {isa = PBXFileReference; lastKnownFileType = sourcecode.swift; path = AppDelegate.swift; sourceTree = "<group>"; };
		260FED7A1D64242400CD8FFF /* ViewController.swift */ = {isa = PBXFileReference; lastKnownFileType = sourcecode.swift; path = ViewController.swift; sourceTree = "<group>"; };
		260FED7D1D64242400CD8FFF /* Base */ = {isa = PBXFileReference; lastKnownFileType = file.storyboard; name = Base; path = Base.lproj/Main.storyboard; sourceTree = "<group>"; };
		260FED7F1D64242400CD8FFF /* Assets.xcassets */ = {isa = PBXFileReference; lastKnownFileType = folder.assetcatalog; path = Assets.xcassets; sourceTree = "<group>"; };
		260FED821D64242400CD8FFF /* Base */ = {isa = PBXFileReference; lastKnownFileType = file.storyboard; name = Base; path = Base.lproj/LaunchScreen.storyboard; sourceTree = "<group>"; };
		260FED841D64242400CD8FFF /* Info.plist */ = {isa = PBXFileReference; lastKnownFileType = text.plist.xml; path = Info.plist; sourceTree = "<group>"; };
		260FED961D64251D00CD8FFF /* R.generated.swift */ = {isa = PBXFileReference; fileEncoding = 4; lastKnownFileType = sourcecode.swift; path = R.generated.swift; sourceTree = "<group>"; };
		260FED991D64279800CD8FFF /* DatePickerCell.swift */ = {isa = PBXFileReference; fileEncoding = 4; lastKnownFileType = sourcecode.swift; path = DatePickerCell.swift; sourceTree = "<group>"; };
		260FED9D1D6427B400CD8FFF /* SliderCell.swift */ = {isa = PBXFileReference; fileEncoding = 4; lastKnownFileType = sourcecode.swift; path = SliderCell.swift; sourceTree = "<group>"; };
		260FED9F1D64286200CD8FFF /* Cell+Rx.swift */ = {isa = PBXFileReference; fileEncoding = 4; lastKnownFileType = sourcecode.swift; path = "Cell+Rx.swift"; sourceTree = "<group>"; };
		2625D58C1D646B7B008F4CC0 /* SwitchCell.swift */ = {isa = PBXFileReference; fileEncoding = 4; lastKnownFileType = sourcecode.swift; path = SwitchCell.swift; sourceTree = "<group>"; };
		2625D58E1D6474AA008F4CC0 /* TextFieldCell.swift */ = {isa = PBXFileReference; fileEncoding = 4; lastKnownFileType = sourcecode.swift; path = TextFieldCell.swift; sourceTree = "<group>"; };
		265023A01D64BF50006EFDB8 /* Profile.swift */ = {isa = PBXFileReference; fileEncoding = 4; lastKnownFileType = sourcecode.swift; path = Profile.swift; sourceTree = "<group>"; };
		265023A21D64C3BD006EFDB8 /* SafeCollection.swift */ = {isa = PBXFileReference; fileEncoding = 4; lastKnownFileType = sourcecode.swift; path = SafeCollection.swift; sourceTree = "<group>"; };
		265023A41D64CB0D006EFDB8 /* Operators.swift */ = {isa = PBXFileReference; fileEncoding = 4; lastKnownFileType = sourcecode.swift; path = Operators.swift; sourceTree = "<group>"; };
		265023A61D64CE71006EFDB8 /* Config.swift */ = {isa = PBXFileReference; fileEncoding = 4; lastKnownFileType = sourcecode.swift; path = Config.swift; sourceTree = "<group>"; };
		269636E21D70058C0038CE76 /* Rswift.framework */ = {isa = PBXFileReference; lastKnownFileType = wrapper.framework; name = Rswift.framework; path = Carthage/Build/iOS/Rswift.framework; sourceTree = "<group>"; };
		269636E31D70058C0038CE76 /* RxCocoa.framework */ = {isa = PBXFileReference; lastKnownFileType = wrapper.framework; name = RxCocoa.framework; path = Carthage/Build/iOS/RxCocoa.framework; sourceTree = "<group>"; };
		269636E41D70058C0038CE76 /* RxSwift.framework */ = {isa = PBXFileReference; lastKnownFileType = wrapper.framework; name = RxSwift.framework; path = Carthage/Build/iOS/RxSwift.framework; sourceTree = "<group>"; };
		269636E51D70058C0038CE76 /* RxDataSources.framework */ = {isa = PBXFileReference; lastKnownFileType = wrapper.framework; name = RxDataSources.framework; path = Carthage/Build/iOS/RxDataSources.framework; sourceTree = "<group>"; };
		26EB42FE1D9D5EB70073C3DE /* RxExtensions.framework */ = {isa = PBXFileReference; lastKnownFileType = wrapper.framework; name = RxExtensions.framework; path = Carthage/Build/iOS/RxExtensions.framework; sourceTree = "<group>"; };
/* End PBXFileReference section */

/* Begin PBXFrameworksBuildPhase section */
		260FED721D64242400CD8FFF /* Frameworks */ = {
			isa = PBXFrameworksBuildPhase;
			buildActionMask = 2147483647;
			files = (
				269636EC1D70058C0038CE76 /* RxSwift.framework in Frameworks */,
				26EB42FF1D9D5EB70073C3DE /* RxExtensions.framework in Frameworks */,
				269636EA1D70058C0038CE76 /* RxCocoa.framework in Frameworks */,
				269636EE1D70058C0038CE76 /* RxDataSources.framework in Frameworks */,
				269636E81D70058C0038CE76 /* Rswift.framework in Frameworks */,
			);
			runOnlyForDeploymentPostprocessing = 0;
		};
/* End PBXFrameworksBuildPhase section */

/* Begin PBXGroup section */
		260FED6C1D64242400CD8FFF = {
			isa = PBXGroup;
			children = (
				26EB42FE1D9D5EB70073C3DE /* RxExtensions.framework */,
				269636E21D70058C0038CE76 /* Rswift.framework */,
				269636E31D70058C0038CE76 /* RxCocoa.framework */,
				269636E41D70058C0038CE76 /* RxSwift.framework */,
				269636E51D70058C0038CE76 /* RxDataSources.framework */,
				260FED771D64242400CD8FFF /* Expandable */,
				260FED761D64242400CD8FFF /* Products */,
			);
			sourceTree = "<group>";
		};
		260FED761D64242400CD8FFF /* Products */ = {
			isa = PBXGroup;
			children = (
				260FED751D64242400CD8FFF /* Expandable.app */,
			);
			name = Products;
			sourceTree = "<group>";
		};
		260FED771D64242400CD8FFF /* Expandable */ = {
			isa = PBXGroup;
			children = (
				265023A41D64CB0D006EFDB8 /* Operators.swift */,
				260FED981D64253E00CD8FFF /* Cells */,
				260FED961D64251D00CD8FFF /* R.generated.swift */,
				260FED781D64242400CD8FFF /* AppDelegate.swift */,
				260FED7A1D64242400CD8FFF /* ViewController.swift */,
				260FED7C1D64242400CD8FFF /* Main.storyboard */,
				260FED7F1D64242400CD8FFF /* Assets.xcassets */,
				260FED811D64242400CD8FFF /* LaunchScreen.storyboard */,
				260FED841D64242400CD8FFF /* Info.plist */,
				265023A01D64BF50006EFDB8 /* Profile.swift */,
				265023A21D64C3BD006EFDB8 /* SafeCollection.swift */,
				265023A61D64CE71006EFDB8 /* Config.swift */,
			);
			path = Expandable;
			sourceTree = "<group>";
		};
		260FED981D64253E00CD8FFF /* Cells */ = {
			isa = PBXGroup;
			children = (
				260FED9F1D64286200CD8FFF /* Cell+Rx.swift */,
				260FED991D64279800CD8FFF /* DatePickerCell.swift */,
				260FED9D1D6427B400CD8FFF /* SliderCell.swift */,
				2625D58C1D646B7B008F4CC0 /* SwitchCell.swift */,
				2625D58E1D6474AA008F4CC0 /* TextFieldCell.swift */,
			);
			path = Cells;
			sourceTree = "<group>";
		};
/* End PBXGroup section */

/* Begin PBXNativeTarget section */
		260FED741D64242400CD8FFF /* Expandable */ = {
			isa = PBXNativeTarget;
			buildConfigurationList = 260FED871D64242400CD8FFF /* Build configuration list for PBXNativeTarget "Expandable" */;
			buildPhases = (
				260FED711D64242400CD8FFF /* Sources */,
				260FED721D64242400CD8FFF /* Frameworks */,
				260FED731D64242400CD8FFF /* Resources */,
				269636E01D70056E0038CE76 /* Embed Frameworks */,
			);
			buildRules = (
			);
			dependencies = (
			);
			name = Expandable;
			productName = Expandable;
			productReference = 260FED751D64242400CD8FFF /* Expandable.app */;
			productType = "com.apple.product-type.application";
		};
/* End PBXNativeTarget section */

/* Begin PBXProject section */
		260FED6D1D64242400CD8FFF /* Project object */ = {
			isa = PBXProject;
			attributes = {
				LastSwiftUpdateCheck = 0730;
				LastUpgradeCheck = 0800;
				ORGANIZATIONNAME = T;
				TargetAttributes = {
					260FED741D64242400CD8FFF = {
						CreatedOnToolsVersion = 7.3.1;
						DevelopmentTeam = 9Y9KG3KBHJ;
						LastSwiftMigration = 0800;
					};
				};
			};
			buildConfigurationList = 260FED701D64242400CD8FFF /* Build configuration list for PBXProject "Expandable" */;
			compatibilityVersion = "Xcode 3.2";
			developmentRegion = English;
			hasScannedForEncodings = 0;
			knownRegions = (
				en,
				Base,
			);
			mainGroup = 260FED6C1D64242400CD8FFF;
			productRefGroup = 260FED761D64242400CD8FFF /* Products */;
			projectDirPath = "";
			projectRoot = "";
			targets = (
				260FED741D64242400CD8FFF /* Expandable */,
			);
		};
/* End PBXProject section */

/* Begin PBXResourcesBuildPhase section */
		260FED731D64242400CD8FFF /* Resources */ = {
			isa = PBXResourcesBuildPhase;
			buildActionMask = 2147483647;
			files = (
				260FED831D64242400CD8FFF /* LaunchScreen.storyboard in Resources */,
				260FED801D64242400CD8FFF /* Assets.xcassets in Resources */,
				260FED7E1D64242400CD8FFF /* Main.storyboard in Resources */,
			);
			runOnlyForDeploymentPostprocessing = 0;
		};
/* End PBXResourcesBuildPhase section */

/* Begin PBXSourcesBuildPhase section */
		260FED711D64242400CD8FFF /* Sources */ = {
			isa = PBXSourcesBuildPhase;
			buildActionMask = 2147483647;
			files = (
				260FED7B1D64242400CD8FFF /* ViewController.swift in Sources */,
				260FED791D64242400CD8FFF /* AppDelegate.swift in Sources */,
				260FED971D64251D00CD8FFF /* R.generated.swift in Sources */,
				2625D58D1D646B7B008F4CC0 /* SwitchCell.swift in Sources */,
				260FED9A1D64279800CD8FFF /* DatePickerCell.swift in Sources */,
				265023A71D64CE71006EFDB8 /* Config.swift in Sources */,
				260FED9E1D6427B400CD8FFF /* SliderCell.swift in Sources */,
				265023A51D64CB0D006EFDB8 /* Operators.swift in Sources */,
				260FEDA01D64286200CD8FFF /* Cell+Rx.swift in Sources */,
				265023A11D64BF50006EFDB8 /* Profile.swift in Sources */,
				265023A31D64C3BD006EFDB8 /* SafeCollection.swift in Sources */,
				2625D58F1D6474AA008F4CC0 /* TextFieldCell.swift in Sources */,
			);
			runOnlyForDeploymentPostprocessing = 0;
		};
/* End PBXSourcesBuildPhase section */

/* Begin PBXVariantGroup section */
		260FED7C1D64242400CD8FFF /* Main.storyboard */ = {
			isa = PBXVariantGroup;
			children = (
				260FED7D1D64242400CD8FFF /* Base */,
			);
			name = Main.storyboard;
			sourceTree = "<group>";
		};
		260FED811D64242400CD8FFF /* LaunchScreen.storyboard */ = {
			isa = PBXVariantGroup;
			children = (
				260FED821D64242400CD8FFF /* Base */,
			);
			name = LaunchScreen.storyboard;
			sourceTree = "<group>";
		};
/* End PBXVariantGroup section */

/* Begin XCBuildConfiguration section */
		260FED851D64242400CD8FFF /* Debug */ = {
			isa = XCBuildConfiguration;
			buildSettings = {
				ALWAYS_SEARCH_USER_PATHS = NO;
				CLANG_ANALYZER_NONNULL = YES;
				CLANG_CXX_LANGUAGE_STANDARD = "gnu++0x";
				CLANG_CXX_LIBRARY = "libc++";
				CLANG_ENABLE_MODULES = YES;
				CLANG_ENABLE_OBJC_ARC = YES;
				CLANG_WARN_BOOL_CONVERSION = YES;
				CLANG_WARN_CONSTANT_CONVERSION = YES;
				CLANG_WARN_DIRECT_OBJC_ISA_USAGE = YES_ERROR;
				CLANG_WARN_EMPTY_BODY = YES;
				CLANG_WARN_ENUM_CONVERSION = YES;
				CLANG_WARN_INFINITE_RECURSION = YES;
				CLANG_WARN_INT_CONVERSION = YES;
				CLANG_WARN_OBJC_ROOT_CLASS = YES_ERROR;
				CLANG_WARN_SUSPICIOUS_MOVE = YES;
				CLANG_WARN_UNREACHABLE_CODE = YES;
				CLANG_WARN__DUPLICATE_METHOD_MATCH = YES;
				"CODE_SIGN_IDENTITY[sdk=iphoneos*]" = "iPhone Developer";
				COPY_PHASE_STRIP = NO;
				DEBUG_INFORMATION_FORMAT = dwarf;
				ENABLE_STRICT_OBJC_MSGSEND = YES;
				ENABLE_TESTABILITY = YES;
				GCC_C_LANGUAGE_STANDARD = gnu99;
				GCC_DYNAMIC_NO_PIC = NO;
				GCC_NO_COMMON_BLOCKS = YES;
				GCC_OPTIMIZATION_LEVEL = 0;
				GCC_PREPROCESSOR_DEFINITIONS = (
					"DEBUG=1",
					"$(inherited)",
				);
				GCC_WARN_64_TO_32_BIT_CONVERSION = YES;
				GCC_WARN_ABOUT_RETURN_TYPE = YES_ERROR;
				GCC_WARN_UNDECLARED_SELECTOR = YES;
				GCC_WARN_UNINITIALIZED_AUTOS = YES_AGGRESSIVE;
				GCC_WARN_UNUSED_FUNCTION = YES;
				GCC_WARN_UNUSED_VARIABLE = YES;
				IPHONEOS_DEPLOYMENT_TARGET = 9.0;
				MTL_ENABLE_DEBUG_INFO = YES;
				ONLY_ACTIVE_ARCH = YES;
				SDKROOT = iphoneos;
				SWIFT_OPTIMIZATION_LEVEL = "-Onone";
				TARGETED_DEVICE_FAMILY = "1,2";
			};
			name = Debug;
		};
		260FED861D64242400CD8FFF /* Release */ = {
			isa = XCBuildConfiguration;
			buildSettings = {
				ALWAYS_SEARCH_USER_PATHS = NO;
				CLANG_ANALYZER_NONNULL = YES;
				CLANG_CXX_LANGUAGE_STANDARD = "gnu++0x";
				CLANG_CXX_LIBRARY = "libc++";
				CLANG_ENABLE_MODULES = YES;
				CLANG_ENABLE_OBJC_ARC = YES;
				CLANG_WARN_BOOL_CONVERSION = YES;
				CLANG_WARN_CONSTANT_CONVERSION = YES;
				CLANG_WARN_DIRECT_OBJC_ISA_USAGE = YES_ERROR;
				CLANG_WARN_EMPTY_BODY = YES;
				CLANG_WARN_ENUM_CONVERSION = YES;
				CLANG_WARN_INFINITE_RECURSION = YES;
				CLANG_WARN_INT_CONVERSION = YES;
				CLANG_WARN_OBJC_ROOT_CLASS = YES_ERROR;
				CLANG_WARN_SUSPICIOUS_MOVE = YES;
				CLANG_WARN_UNREACHABLE_CODE = YES;
				CLANG_WARN__DUPLICATE_METHOD_MATCH = YES;
				"CODE_SIGN_IDENTITY[sdk=iphoneos*]" = "iPhone Developer";
				COPY_PHASE_STRIP = NO;
				DEBUG_INFORMATION_FORMAT = "dwarf-with-dsym";
				ENABLE_NS_ASSERTIONS = NO;
				ENABLE_STRICT_OBJC_MSGSEND = YES;
				GCC_C_LANGUAGE_STANDARD = gnu99;
				GCC_NO_COMMON_BLOCKS = YES;
				GCC_WARN_64_TO_32_BIT_CONVERSION = YES;
				GCC_WARN_ABOUT_RETURN_TYPE = YES_ERROR;
				GCC_WARN_UNDECLARED_SELECTOR = YES;
				GCC_WARN_UNINITIALIZED_AUTOS = YES_AGGRESSIVE;
				GCC_WARN_UNUSED_FUNCTION = YES;
				GCC_WARN_UNUSED_VARIABLE = YES;
				IPHONEOS_DEPLOYMENT_TARGET = 9.0;
				MTL_ENABLE_DEBUG_INFO = NO;
				SDKROOT = iphoneos;
				SWIFT_OPTIMIZATION_LEVEL = "-Owholemodule";
				TARGETED_DEVICE_FAMILY = "1,2";
				VALIDATE_PRODUCT = YES;
			};
			name = Release;
		};
		260FED881D64242400CD8FFF /* Debug */ = {
			isa = XCBuildConfiguration;
			buildSettings = {
				ASSETCATALOG_COMPILER_APPICON_NAME = AppIcon;
				DEVELOPMENT_TEAM = 9Y9KG3KBHJ;
				FRAMEWORK_SEARCH_PATHS = (
					"$(inherited)",
					"$(PROJECT_DIR)/Carthage/Build/iOS",
				);
				INFOPLIST_FILE = Expandable/Info.plist;
				LD_RUNPATH_SEARCH_PATHS = "$(inherited) @executable_path/Frameworks";
				PRODUCT_BUNDLE_IDENTIFIER = gg.swift.t.Expandable;
				PRODUCT_NAME = "$(TARGET_NAME)";
				SWIFT_VERSION = 3.0;
			};
			name = Debug;
		};
		260FED891D64242400CD8FFF /* Release */ = {
			isa = XCBuildConfiguration;
			buildSettings = {
				ASSETCATALOG_COMPILER_APPICON_NAME = AppIcon;
				DEVELOPMENT_TEAM = 9Y9KG3KBHJ;
				FRAMEWORK_SEARCH_PATHS = (
					"$(inherited)",
					"$(PROJECT_DIR)/Carthage/Build/iOS",
				);
				INFOPLIST_FILE = Expandable/Info.plist;
				LD_RUNPATH_SEARCH_PATHS = "$(inherited) @executable_path/Frameworks";
				PRODUCT_BUNDLE_IDENTIFIER = gg.swift.t.Expandable;
				PRODUCT_NAME = "$(TARGET_NAME)";
				SWIFT_VERSION = 3.0;
			};
			name = Release;
		};
/* End XCBuildConfiguration section */

/* Begin XCConfigurationList section */
		260FED701D64242400CD8FFF /* Build configuration list for PBXProject "Expandable" */ = {
			isa = XCConfigurationList;
			buildConfigurations = (
				260FED851D64242400CD8FFF /* Debug */,
				260FED861D64242400CD8FFF /* Release */,
			);
			defaultConfigurationIsVisible = 0;
			defaultConfigurationName = Release;
		};
		260FED871D64242400CD8FFF /* Build configuration list for PBXNativeTarget "Expandable" */ = {
			isa = XCConfigurationList;
			buildConfigurations = (
				260FED881D64242400CD8FFF /* Debug */,
				260FED891D64242400CD8FFF /* Release */,
			);
			defaultConfigurationIsVisible = 0;
			defaultConfigurationName = Release;
		};
/* End XCConfigurationList section */
	};
	rootObject = 260FED6D1D64242400CD8FFF /* Project object */;
}
